{
  "version": 4,
  "terraform_version": "1.9.8",
  "serial": 4380,
  "lineage": "62dd5ceb-8329-3686-8fef-2cd04eead463",
  "outputs": {
    "db_endpoint": {
      "value": "terraform-20250106145239618200000009.cjwae4mwmrcc.eu-north-1.rds.amazonaws.com:3306",
      "type": "string"
    },
    "db_password": {
      "value": "Henryfly09",
      "type": "string",
      "sensitive": true
    },
    "db_port": {
      "value": 3306,
      "type": "number"
    },
    "db_username": {
      "value": "admin",
      "type": "string",
      "sensitive": true
    },
    "first_3_distinct_subnets": {
      "value": [
        "subnet-0c890f7eadf540bc9",
        "subnet-043b84e7d841ff860",
        "subnet-01844d1632b31c1eb"
      ],
      "type": [
        "tuple",
        [
          "string",
          "string",
          "string"
        ]
      ]
    },
    "nfs_mount_command": {
      "value": "fs-0427e3f3076930467.efs.eu-north-1.amazonaws.com",
      "type": "string"
    },
    "private_route_table_ids": {
      "value": [
        "rtb-0c3a435414b8757c6",
        "rtb-0335ecc9187b77c84"
      ],
      "type": [
        "tuple",
        [
          "string",
          "string"
        ]
      ]
    },
    "private_security_group_id": {
      "value": "sg-048717c859d7e8b3d",
      "type": "string"
    },
    "private_subnet_azs": {
      "value": [
        "eu-north-1a",
        "eu-north-1b",
        "eu-north-1c",
        "eu-north-1a"
      ],
      "type": [
        "tuple",
        [
          "string",
          "string",
          "string",
          "string"
        ]
      ]
    },
    "private_subnet_ids": {
      "value": [
        "subnet-0c890f7eadf540bc9",
        "subnet-043b84e7d841ff860",
        "subnet-01844d1632b31c1eb",
        "subnet-031408f3c4a33d228"
      ],
      "type": [
        "tuple",
        [
          "string",
          "string",
          "string",
          "string"
        ]
      ]
    },
    "public_route_table_id": {
      "value": "rtb-0be33bc59e1997cb9",
      "type": "string"
    },
    "public_security_group_id": {
      "value": "sg-06969315671e8e8fe",
      "type": "string"
    },
    "public_subnet_ids": {
      "value": [
        "subnet-0bc45cce9bc6ef64b",
        "subnet-0068f0ce1845adc38"
      ],
      "type": [
        "tuple",
        [
          "string",
          "string"
        ]
      ]
    },
    "vpc_id": {
      "value": "vpc-0b05f673c9497c810",
      "type": "string"
    },
    "wordpress_lb_dns": {
      "value": "wordpress-alb-1337964128.eu-north-1.elb.amazonaws.com",
      "type": "string"
    },
    "wordpress_target_group_arn": {
      "value": "arn:aws:elasticloadbalancing:eu-north-1:940482437723:targetgroup/wordpress-tg/919385217b5b7955",
      "type": "string"
    }
  },
  "resources": [
    {
      "module": "module.autoscalar",
      "mode": "managed",
      "type": "aws_autoscaling_group",
      "name": "wordpress_asg",
      "provider": "provider[\"registry.terraform.io/hashicorp/aws\"]",
      "instances": [
        {
          "schema_version": 1,
          "attributes": {
            "arn": "arn:aws:autoscaling:eu-north-1:940482437723:autoScalingGroup:ce5e5bc2-a964-4b25-b332-69895565a4f8:autoScalingGroupName/terraform-20250106145614202100000010",
            "availability_zone_distribution": [
              {
                "capacity_distribution_strategy": "balanced-best-effort"
              }
            ],
            "availability_zones": [
              "eu-north-1a",
              "eu-north-1b",
              "eu-north-1c"
            ],
            "capacity_rebalance": false,
            "context": "",
            "default_cooldown": 300,
            "default_instance_warmup": 0,
            "desired_capacity": 2,
            "desired_capacity_type": "",
            "enabled_metrics": null,
            "force_delete": false,
            "force_delete_warm_pool": false,
            "health_check_grace_period": 300,
            "health_check_type": "EC2",
            "id": "terraform-20250106145614202100000010",
            "ignore_failed_scaling_activities": false,
            "initial_lifecycle_hook": [],
            "instance_maintenance_policy": [],
            "instance_refresh": [],
            "launch_configuration": "",
            "launch_template": [
              {
                "id": "lt-0df835faf2e97d458",
                "name": "wordpress-template2025010614560660150000000e",
                "version": "$Latest"
              }
            ],
            "load_balancers": [],
            "max_instance_lifetime": 0,
            "max_size": 4,
            "metrics_granularity": "1Minute",
            "min_elb_capacity": null,
            "min_size": 2,
            "mixed_instances_policy": [],
            "name": "terraform-20250106145614202100000010",
            "name_prefix": "terraform-",
            "placement_group": "",
            "predicted_capacity": 0,
            "protect_from_scale_in": false,
            "service_linked_role_arn": "arn:aws:iam::940482437723:role/aws-service-role/autoscaling.amazonaws.com/AWSServiceRoleForAutoScaling",
            "suspended_processes": null,
            "tag": [
              {
                "key": "Name",
                "propagate_at_launch": true,
                "value": "WordPress-ASG"
              }
            ],
            "target_group_arns": [
              "arn:aws:elasticloadbalancing:eu-north-1:940482437723:targetgroup/wordpress-tg/919385217b5b7955"
            ],
            "termination_policies": null,
            "timeouts": null,
            "traffic_source": [
              {
                "identifier": "arn:aws:elasticloadbalancing:eu-north-1:940482437723:targetgroup/wordpress-tg/919385217b5b7955",
                "type": "elbv2"
              }
            ],
            "vpc_zone_identifier": [
              "subnet-01844d1632b31c1eb",
              "subnet-043b84e7d841ff860",
              "subnet-0c890f7eadf540bc9"
            ],
            "wait_for_capacity_timeout": "10m",
            "wait_for_elb_capacity": null,
            "warm_pool": [],
            "warm_pool_size": 0
          },
          "sensitive_attributes": [],
          "private": "eyJlMmJmYjczMC1lY2FhLTExZTYtOGY4OC0zNDM2M2JjN2M0YzAiOnsiZGVsZXRlIjo2MDAwMDAwMDAwMDAsInVwZGF0ZSI6NjAwMDAwMDAwMDAwfSwic2NoZW1hX3ZlcnNpb24iOiIxIn0=",
          "dependencies": [
            "module.autoscalar.aws_launch_template.wordpress_launch_template",
            "module.aws_secret.data.aws_ssm_parameter.db_password",
            "module.aws_secret.data.aws_ssm_parameter.db_username",
            "module.database.aws_db_instance.mysql",
            "module.database.aws_db_subnet_group.mysql",
            "module.efs.aws_efs_file_system.example",
            "module.loadbalancer.aws_lb_target_group.wordpress_target_group",
            "module.vpc.aws_security_group.private",
            "module.vpc.aws_security_group.public",
            "module.vpc.aws_subnet.private",
            "module.vpc.aws_vpc.main",
            "module.vpc.data.aws_availability_zones.available"
          ]
        }
      ]
    },
    {
      "module": "module.autoscalar",
      "mode": "managed",
      "type": "aws_autoscaling_policy",
      "name": "scale_down",
      "provider": "provider[\"registry.terraform.io/hashicorp/aws\"]",
      "instances": [
        {
          "schema_version": 0,
          "attributes": {
            "adjustment_type": "ChangeInCapacity",
            "arn": "arn:aws:autoscaling:eu-north-1:940482437723:scalingPolicy:42c3b60a-7c82-4e38-ba67-1ed2c7268472:autoScalingGroupName/terraform-20250106145614202100000010:policyName/scale-down-policy",
            "autoscaling_group_name": "terraform-20250106145614202100000010",
            "cooldown": 0,
            "enabled": true,
            "estimated_instance_warmup": 0,
            "id": "scale-down-policy",
            "metric_aggregation_type": "",
            "min_adjustment_magnitude": 0,
            "name": "scale-down-policy",
            "policy_type": "SimpleScaling",
            "predictive_scaling_configuration": [],
            "scaling_adjustment": -1,
            "step_adjustment": [],
            "target_tracking_configuration": []
          },
          "sensitive_attributes": [],
          "private": "bnVsbA==",
          "dependencies": [
            "module.autoscalar.aws_autoscaling_group.wordpress_asg",
            "module.autoscalar.aws_launch_template.wordpress_launch_template",
            "module.aws_secret.data.aws_ssm_parameter.db_password",
            "module.aws_secret.data.aws_ssm_parameter.db_username",
            "module.database.aws_db_instance.mysql",
            "module.database.aws_db_subnet_group.mysql",
            "module.efs.aws_efs_file_system.example",
            "module.loadbalancer.aws_lb_target_group.wordpress_target_group",
            "module.vpc.aws_security_group.private",
            "module.vpc.aws_security_group.public",
            "module.vpc.aws_subnet.private",
            "module.vpc.aws_vpc.main",
            "module.vpc.data.aws_availability_zones.available"
          ]
        }
      ]
    },
    {
      "module": "module.autoscalar",
      "mode": "managed",
      "type": "aws_autoscaling_policy",
      "name": "scale_up",
      "provider": "provider[\"registry.terraform.io/hashicorp/aws\"]",
      "instances": [
        {
          "schema_version": 0,
          "attributes": {
            "adjustment_type": "ChangeInCapacity",
            "arn": "arn:aws:autoscaling:eu-north-1:940482437723:scalingPolicy:fbcacb9f-1e56-438c-9018-5f136fae2108:autoScalingGroupName/terraform-20250106145614202100000010:policyName/scale-up-policy",
            "autoscaling_group_name": "terraform-20250106145614202100000010",
            "cooldown": 0,
            "enabled": true,
            "estimated_instance_warmup": 0,
            "id": "scale-up-policy",
            "metric_aggregation_type": "",
            "min_adjustment_magnitude": 0,
            "name": "scale-up-policy",
            "policy_type": "SimpleScaling",
            "predictive_scaling_configuration": [],
            "scaling_adjustment": 1,
            "step_adjustment": [],
            "target_tracking_configuration": []
          },
          "sensitive_attributes": [],
          "private": "bnVsbA==",
          "dependencies": [
            "module.autoscalar.aws_autoscaling_group.wordpress_asg",
            "module.autoscalar.aws_launch_template.wordpress_launch_template",
            "module.aws_secret.data.aws_ssm_parameter.db_password",
            "module.aws_secret.data.aws_ssm_parameter.db_username",
            "module.database.aws_db_instance.mysql",
            "module.database.aws_db_subnet_group.mysql",
            "module.efs.aws_efs_file_system.example",
            "module.loadbalancer.aws_lb_target_group.wordpress_target_group",
            "module.vpc.aws_security_group.private",
            "module.vpc.aws_security_group.public",
            "module.vpc.aws_subnet.private",
            "module.vpc.aws_vpc.main",
            "module.vpc.data.aws_availability_zones.available"
          ]
        }
      ]
    },
    {
      "module": "module.autoscalar",
      "mode": "managed",
      "type": "aws_launch_template",
      "name": "wordpress_launch_template",
      "provider": "provider[\"registry.terraform.io/hashicorp/aws\"]",
      "instances": [
        {
          "schema_version": 0,
          "attributes": {
            "arn": "arn:aws:ec2:eu-north-1:940482437723:launch-template/lt-0df835faf2e97d458",
            "block_device_mappings": [],
            "capacity_reservation_specification": [],
            "cpu_options": [],
            "credit_specification": [],
            "default_version": 1,
            "description": "",
            "disable_api_stop": false,
            "disable_api_termination": false,
            "ebs_optimized": "",
            "elastic_gpu_specifications": [],
            "elastic_inference_accelerator": [],
            "enclave_options": [],
            "hibernation_options": [],
            "iam_instance_profile": [],
            "id": "lt-0df835faf2e97d458",
            "image_id": "ami-0feeaea28736b320d",
            "instance_initiated_shutdown_behavior": "",
            "instance_market_options": [],
            "instance_requirements": [],
            "instance_type": "t3.micro",
            "kernel_id": "",
            "key_name": "Tej-ec2",
            "latest_version": 1,
            "license_specification": [],
            "maintenance_options": [],
            "metadata_options": [],
            "monitoring": [],
            "name": "wordpress-template2025010614560660150000000e",
            "name_prefix": "wordpress-template",
            "network_interfaces": [
              {
                "associate_carrier_ip_address": "",
                "associate_public_ip_address": "false",
                "delete_on_termination": "",
                "description": "",
                "device_index": 0,
                "interface_type": "",
                "ipv4_address_count": 0,
                "ipv4_addresses": null,
                "ipv4_prefix_count": 0,
                "ipv4_prefixes": null,
                "ipv6_address_count": 0,
                "ipv6_addresses": null,
                "ipv6_prefix_count": 0,
                "ipv6_prefixes": null,
                "network_card_index": 0,
                "network_interface_id": "",
                "primary_ipv6": "",
                "private_ip_address": "",
                "security_groups": [
                  "sg-048717c859d7e8b3d"
                ],
                "subnet_id": ""
              }
            ],
            "placement": [],
            "private_dns_name_options": [],
            "ram_disk_id": "",
            "security_group_names": null,
            "tag_specifications": [
              {
                "resource_type": "instance",
                "tags": {
                  "Name": "WordPress-ASG-Instance"
                }
              }
            ],
            "tags": {
              "Application": "WordPress",
              "Environment": "Production"
            },
            "tags_all": {
              "Application": "WordPress",
              "Environment": "Production"
            },
            "update_default_version": null,
            "user_data": "IyEvYmluL2Jhc2gKIyBVcGRhdGUgYW5kIGluc3RhbGwgbmVjZXNzYXJ5IHV0aWxpdGllcwp5dW0gdXBkYXRlIC15Cnl1bSBpbnN0YWxsIC15IGFtYXpvbi1lZnMtdXRpbHMgd2dldCB1bnppcCBodHRwZAoKIyBFbmFibGUgdGhlIEFtYXpvbiBMaW51eCBFeHRyYXMgcmVwb3NpdG9yeSBhbmQgaW5zdGFsbCBQSFAgNy4yCmFtYXpvbi1saW51eC1leHRyYXMgZW5hYmxlIHBocDguMgp5dW0gY2xlYW4gbWV0YWRhdGEKeXVtIGluc3RhbGwgLXkgcGhwIHBocC1teXNxbG5kCgojIE1vdW50IEVGUyB0byAvdmFyL3d3dy9odG1sIChFRlMgc3RvcmFnZSBmb3IgV29yZFByZXNzKQpta2RpciAtcCAvdmFyL3d3dy9odG1sCm1vdW50IC10IG5mczQgLW8gbmZzdmVycz00LjEscnNpemU9MTA0ODU3Nix3c2l6ZT0xMDQ4NTc2LGhhcmQsdGltZW89NjAwLHJldHJhbnM9Mixub3Jlc3Zwb3J0IGZzLTA0MjdlM2YzMDc2OTMwNDY3LmVmcy5ldS1ub3J0aC0xLmFtYXpvbmF3cy5jb206LyAvdmFyL3d3dy9odG1sICAjIFVzaW5nIHRoZSBFRlMgbW91bnQgY29tbWFuZCBvdXRwdXQgZnJvbSBUZXJyYWZvcm0KCiMgUGVyc2lzdCBFRlMgbW91bnQgYWNyb3NzIHJlYm9vdHMKZWNobyAiZnMtMDQyN2UzZjMwNzY5MzA0Njc6LyAvdmFyL3d3dy9odG1sIG5mczQgZGVmYXVsdHMsX25ldGRldiAwIDAiID4+IC9ldGMvZnN0YWIKCiMgU3RhcnQgQXBhY2hlIGFuZCBlbmFibGUgaXQgdG8gcnVuIG9uIGJvb3QKc3lzdGVtY3RsIHN0YXJ0IGh0dHBkCnN5c3RlbWN0bCBlbmFibGUgaHR0cGQKCiMgSW5zdGFsbCBhZGRpdGlvbmFsIFBIUCBtb2R1bGVzIHJlcXVpcmVkIGZvciBXb3JkUHJlc3MKeXVtIGNsZWFuIG1ldGFkYXRhCnl1bSBpbnN0YWxsIC15IHBocC1mcG0gcGhwLW1ic3RyaW5nIHBocC1zb2FwIHBocC1nZCBwaHAtaW50bCBwaHAteG1sIHBocC1jbGkgcGhwLWpzb24KCiMgRG93bmxvYWQgdGhlIGxhdGVzdCBXb3JkUHJlc3MgcGFja2FnZQojIHdnZXQgaHR0cHM6Ly93b3JkcHJlc3Mub3JnL2xhdGVzdC50YXIuZ3ogLVAgL3RtcC8KCiMgRXh0cmFjdCB0aGUgV29yZFByZXNzIHBhY2thZ2UKIyB0YXIgLXh6dmYgL3RtcC9sYXRlc3QudGFyLmd6IC1DIC90bXAvCgojIENvcHkgV29yZFByZXNzIGZpbGVzIHRvIEVGUyBkaXJlY3RvcnkKIyBjcCAtciAvdG1wL3dvcmRwcmVzcy8qIC92YXIvd3d3L2h0bWwvCgojIFNldCBwcm9wZXIgcGVybWlzc2lvbnMgZm9yIFdvcmRQcmVzcyBmaWxlcwpjaG93biAtUiBhcGFjaGU6YXBhY2hlIC92YXIvd3d3L2h0bWwvCgojIFNldCB1cCBXb3JkUHJlc3MgY29uZmlndXJhdGlvbiBmaWxlCiMgY3AgL3Zhci93d3cvaHRtbC93cC1jb25maWctc2FtcGxlLnBocCAvdmFyL3d3dy9odG1sL3dwLWNvbmZpZy5waHAKCiMgTW9kaWZ5IHdwLWNvbmZpZy5waHAgd2l0aCB5b3VyIE15U1FMIERCIGNyZWRlbnRpYWxzCiNzZWQgLWkgInMvZGF0YWJhc2VfbmFtZV9oZXJlL215c3FsL2ciIC92YXIvd3d3L2h0bWwvd3AtY29uZmlnLXNhbXBsZS5waHAKI3NlZCAtaSAicy91c2VybmFtZV9oZXJlL2FkbWluL2ciIC92YXIvd3d3L2h0bWwvd3AtY29uZmlnLXNhbXBsZS5waHAKI3NlZCAtaSAicy9wYXNzd29yZF9oZXJlL0hlbnJ5Zmx5MDkvZyIgL3Zhci93d3cvaHRtbC93cC1jb25maWctc2FtcGxlLnBocAojc2VkIC1pICJzL2xvY2FsaG9zdC90ZXJyYWZvcm0tMjAyNTAxMDYxNDUyMzk2MTgyMDAwMDAwMDkuY2p3YWU0bXdtcmNjLmV1LW5vcnRoLTEucmRzLmFtYXpvbmF3cy5jb20vZyIgL3Zhci93d3cvaHRtbC93cC1jb25maWctc2FtcGxlLnBocAoKIyBSZXN0YXJ0IEFwYWNoZSB0byBhcHBseSBjaGFuZ2VzCnN5c3RlbWN0bCByZXN0YXJ0IGh0dHBkCgojIENsZWFuIHVwIHRoZSBkb3dubG9hZGVkIHBhY2thZ2UKIyBybSAtcmYgL3RtcC9sYXRlc3QudGFyLmd6IC90bXAvd29yZHByZXNzCgojIENyZWF0ZSBhIHNpbXBsZSBpbmRleC5waHAgdG8gY2hlY2sgaWYgUEhQIGlzIHdvcmtpbmcKIyBlY2hvICI8P3BocCBwaHBpbmZvKCk7ID8+IiA+IC92YXIvd3d3L2h0bWwvaW5kZXgucGhwCgojIEVuc3VyZSBBcGFjaGUgc3RhcnRzIG9uIGJvb3QKc3lzdGVtY3RsIGVuYWJsZSBodHRwZAo=",
            "vpc_security_group_ids": null
          },
          "sensitive_attributes": [
            [
              {
                "type": "get_attr",
                "value": "user_data"
              }
            ]
          ],
          "private": "bnVsbA==",
          "dependencies": [
            "module.aws_secret.data.aws_ssm_parameter.db_password",
            "module.aws_secret.data.aws_ssm_parameter.db_username",
            "module.database.aws_db_instance.mysql",
            "module.database.aws_db_subnet_group.mysql",
            "module.efs.aws_efs_file_system.example",
            "module.vpc.aws_security_group.private",
            "module.vpc.aws_security_group.public",
            "module.vpc.aws_subnet.private",
            "module.vpc.aws_vpc.main",
            "module.vpc.data.aws_availability_zones.available"
          ]
        }
      ]
    },
    {
      "module": "module.aws_secret",
      "mode": "data",
      "type": "aws_ssm_parameter",
      "name": "db_password",
      "provider": "provider[\"registry.terraform.io/hashicorp/aws\"]",
      "instances": [
        {
          "schema_version": 0,
          "attributes": {
            "arn": "arn:aws:ssm:eu-north-1:940482437723:parameter/myapp/db/password",
            "id": "/myapp/db/password",
            "insecure_value": "Henryfly09",
            "name": "/myapp/db/password",
            "type": "String",
            "value": "Henryfly09",
            "version": 1,
            "with_decryption": true
          },
          "sensitive_attributes": [
            [
              {
                "type": "get_attr",
                "value": "value"
              }
            ]
          ]
        }
      ]
    },
    {
      "module": "module.aws_secret",
      "mode": "data",
      "type": "aws_ssm_parameter",
      "name": "db_username",
      "provider": "provider[\"registry.terraform.io/hashicorp/aws\"]",
      "instances": [
        {
          "schema_version": 0,
          "attributes": {
            "arn": "arn:aws:ssm:eu-north-1:940482437723:parameter/myapp/db/username",
            "id": "/myapp/db/username",
            "insecure_value": "admin",
            "name": "/myapp/db/username",
            "type": "String",
            "value": "admin",
            "version": 1,
            "with_decryption": true
          },
          "sensitive_attributes": [
            [
              {
                "type": "get_attr",
                "value": "value"
              }
            ]
          ]
        }
      ]
    },
    {
      "module": "module.database",
      "mode": "managed",
      "type": "aws_db_instance",
      "name": "mysql",
      "provider": "provider[\"registry.terraform.io/hashicorp/aws\"]",
      "instances": [
        {
          "schema_version": 2,
          "attributes": {
            "address": "terraform-20250106145239618200000009.cjwae4mwmrcc.eu-north-1.rds.amazonaws.com",
            "allocated_storage": 20,
            "allow_major_version_upgrade": null,
            "apply_immediately": false,
            "arn": "arn:aws:rds:eu-north-1:940482437723:db:terraform-20250106145239618200000009",
            "auto_minor_version_upgrade": true,
            "availability_zone": "eu-north-1b",
            "backup_retention_period": 0,
            "backup_target": "region",
            "backup_window": "03:48-04:18",
            "blue_green_update": [],
            "ca_cert_identifier": "rds-ca-rsa2048-g1",
            "character_set_name": "",
            "copy_tags_to_snapshot": false,
            "custom_iam_instance_profile": "",
            "customer_owned_ip_enabled": false,
            "db_name": "",
            "db_subnet_group_name": "mysql-subnet-group",
            "dedicated_log_volume": false,
            "delete_automated_backups": true,
            "deletion_protection": false,
            "domain": "",
            "domain_auth_secret_arn": "",
            "domain_dns_ips": null,
            "domain_fqdn": "",
            "domain_iam_role_name": "",
            "domain_ou": "",
            "enabled_cloudwatch_logs_exports": null,
            "endpoint": "terraform-20250106145239618200000009.cjwae4mwmrcc.eu-north-1.rds.amazonaws.com:3306",
            "engine": "mysql",
            "engine_lifecycle_support": "open-source-rds-extended-support",
            "engine_version": "8.0",
            "engine_version_actual": "8.0.39",
            "final_snapshot_identifier": null,
            "hosted_zone_id": "Z3MPDEQW7KHUGY",
            "iam_database_authentication_enabled": false,
            "id": "db-LQOVAHAAIIMAADMO5TXCRE4F5A",
            "identifier": "terraform-20250106145239618200000009",
            "identifier_prefix": "terraform-",
            "instance_class": "db.t3.micro",
            "iops": 0,
            "kms_key_id": "",
            "latest_restorable_time": "",
            "license_model": "general-public-license",
            "listener_endpoint": [],
            "maintenance_window": "fri:02:15-fri:02:45",
            "manage_master_user_password": null,
            "master_user_secret": [],
            "master_user_secret_kms_key_id": null,
            "max_allocated_storage": 20,
            "monitoring_interval": 0,
            "monitoring_role_arn": "",
            "multi_az": false,
            "nchar_character_set_name": "",
            "network_type": "IPV4",
            "option_group_name": "default:mysql-8-0",
            "parameter_group_name": "default.mysql8.0",
            "password": "Henryfly09",
            "performance_insights_enabled": false,
            "performance_insights_kms_key_id": "",
            "performance_insights_retention_period": 0,
            "port": 3306,
            "publicly_accessible": false,
            "replica_mode": "",
            "replicas": [],
            "replicate_source_db": "",
            "resource_id": "db-LQOVAHAAIIMAADMO5TXCRE4F5A",
            "restore_to_point_in_time": [],
            "s3_import": [],
            "skip_final_snapshot": true,
            "snapshot_identifier": null,
            "status": "available",
            "storage_encrypted": false,
            "storage_throughput": 0,
            "storage_type": "gp2",
            "tags": {
              "Name": "wordpress-db"
            },
            "tags_all": {
              "Name": "wordpress-db"
            },
            "timeouts": null,
            "timezone": "",
            "upgrade_storage_config": null,
            "username": "admin",
            "vpc_security_group_ids": [
              "sg-048717c859d7e8b3d"
            ]
          },
          "sensitive_attributes": [
            [
              {
                "type": "get_attr",
                "value": "username"
              }
            ],
            [
              {
                "type": "get_attr",
                "value": "password"
              }
            ]
          ],
          "private": "eyJlMmJmYjczMC1lY2FhLTExZTYtOGY4OC0zNDM2M2JjN2M0YzAiOnsiY3JlYXRlIjozMDAwMDAwMDAwMDAwLCJkZWxldGUiOjM2MDAwMDAwMDAwMDAsInVwZGF0ZSI6NDgwMDAwMDAwMDAwMH0sInNjaGVtYV92ZXJzaW9uIjoiMiJ9",
          "dependencies": [
            "module.aws_secret.data.aws_ssm_parameter.db_password",
            "module.aws_secret.data.aws_ssm_parameter.db_username",
            "module.database.aws_db_subnet_group.mysql",
            "module.vpc.aws_security_group.private",
            "module.vpc.aws_security_group.public",
            "module.vpc.aws_subnet.private",
            "module.vpc.aws_vpc.main",
            "module.vpc.data.aws_availability_zones.available"
          ]
        }
      ]
    },
    {
      "module": "module.database",
      "mode": "managed",
      "type": "aws_db_subnet_group",
      "name": "mysql",
      "provider": "provider[\"registry.terraform.io/hashicorp/aws\"]",
      "instances": [
        {
          "schema_version": 0,
          "attributes": {
            "arn": "arn:aws:rds:eu-north-1:940482437723:subgrp:mysql-subnet-group",
            "description": "Managed by Terraform",
            "id": "mysql-subnet-group",
            "name": "mysql-subnet-group",
            "name_prefix": "",
            "subnet_ids": [
              "subnet-01844d1632b31c1eb",
              "subnet-031408f3c4a33d228",
              "subnet-043b84e7d841ff860",
              "subnet-0c890f7eadf540bc9"
            ],
            "supported_network_types": [
              "IPV4"
            ],
            "tags": {
              "Name": "MySQL-Subnet-Group"
            },
            "tags_all": {
              "Name": "MySQL-Subnet-Group"
            },
            "vpc_id": "vpc-0b05f673c9497c810"
          },
          "sensitive_attributes": [],
          "private": "bnVsbA==",
          "dependencies": [
            "module.vpc.aws_subnet.private",
            "module.vpc.aws_vpc.main",
            "module.vpc.data.aws_availability_zones.available"
          ]
        }
      ]
    },
    {
      "module": "module.efs",
      "mode": "managed",
      "type": "aws_efs_file_system",
      "name": "example",
      "provider": "provider[\"registry.terraform.io/hashicorp/aws\"]",
      "instances": [
        {
          "schema_version": 0,
          "attributes": {
            "arn": "arn:aws:elasticfilesystem:eu-north-1:940482437723:file-system/fs-0427e3f3076930467",
            "availability_zone_id": "",
            "availability_zone_name": "",
            "creation_token": "wordpress-efs",
            "dns_name": "fs-0427e3f3076930467.efs.eu-north-1.amazonaws.com",
            "encrypted": false,
            "id": "fs-0427e3f3076930467",
            "kms_key_id": "",
            "lifecycle_policy": [],
            "name": "",
            "number_of_mount_targets": 0,
            "owner_id": "940482437723",
            "performance_mode": "generalPurpose",
            "protection": [
              {
                "replication_overwrite": "ENABLED"
              }
            ],
            "provisioned_throughput_in_mibps": 0,
            "size_in_bytes": [
              {
                "value": 6144,
                "value_in_ia": 0,
                "value_in_standard": 6144
              }
            ],
            "tags": null,
            "tags_all": {},
            "throughput_mode": "bursting"
          },
          "sensitive_attributes": [],
          "private": "bnVsbA=="
        }
      ]
    },
    {
      "module": "module.efs",
      "mode": "managed",
      "type": "aws_efs_mount_target",
      "name": "example",
      "provider": "provider[\"registry.terraform.io/hashicorp/aws\"]",
      "instances": [
        {
          "index_key": 0,
          "schema_version": 0,
          "attributes": {
            "availability_zone_id": "eun1-az1",
            "availability_zone_name": "eu-north-1a",
            "dns_name": "fs-0427e3f3076930467.efs.eu-north-1.amazonaws.com",
            "file_system_arn": "arn:aws:elasticfilesystem:eu-north-1:940482437723:file-system/fs-0427e3f3076930467",
            "file_system_id": "fs-0427e3f3076930467",
            "id": "fsmt-02aab02607f325f70",
            "ip_address": "145.255.0.78",
            "mount_target_dns_name": "eu-north-1a.fs-0427e3f3076930467.efs.eu-north-1.amazonaws.com",
            "network_interface_id": "eni-06fe67b37169e4794",
            "owner_id": "940482437723",
            "security_groups": [
              "sg-048717c859d7e8b3d"
            ],
            "subnet_id": "subnet-0c890f7eadf540bc9",
            "timeouts": null
          },
          "sensitive_attributes": [],
          "private": "eyJlMmJmYjczMC1lY2FhLTExZTYtOGY4OC0zNDM2M2JjN2M0YzAiOnsiY3JlYXRlIjoxODAwMDAwMDAwMDAwLCJkZWxldGUiOjYwMDAwMDAwMDAwMH19",
          "dependencies": [
            "module.efs.aws_efs_file_system.example",
            "module.vpc.aws_security_group.private",
            "module.vpc.aws_security_group.public",
            "module.vpc.aws_subnet.private",
            "module.vpc.aws_vpc.main",
            "module.vpc.data.aws_availability_zones.available"
          ]
        },
        {
          "index_key": 1,
          "schema_version": 0,
          "attributes": {
            "availability_zone_id": "eun1-az2",
            "availability_zone_name": "eu-north-1b",
            "dns_name": "fs-0427e3f3076930467.efs.eu-north-1.amazonaws.com",
            "file_system_arn": "arn:aws:elasticfilesystem:eu-north-1:940482437723:file-system/fs-0427e3f3076930467",
            "file_system_id": "fs-0427e3f3076930467",
            "id": "fsmt-0546e2f3a01a034a8",
            "ip_address": "145.255.0.103",
            "mount_target_dns_name": "eu-north-1b.fs-0427e3f3076930467.efs.eu-north-1.amazonaws.com",
            "network_interface_id": "eni-0963eced503df2c8e",
            "owner_id": "940482437723",
            "security_groups": [
              "sg-048717c859d7e8b3d"
            ],
            "subnet_id": "subnet-043b84e7d841ff860",
            "timeouts": null
          },
          "sensitive_attributes": [],
          "private": "eyJlMmJmYjczMC1lY2FhLTExZTYtOGY4OC0zNDM2M2JjN2M0YzAiOnsiY3JlYXRlIjoxODAwMDAwMDAwMDAwLCJkZWxldGUiOjYwMDAwMDAwMDAwMH19",
          "dependencies": [
            "module.efs.aws_efs_file_system.example",
            "module.vpc.aws_security_group.private",
            "module.vpc.aws_security_group.public",
            "module.vpc.aws_subnet.private",
            "module.vpc.aws_vpc.main",
            "module.vpc.data.aws_availability_zones.available"
          ]
        },
        {
          "index_key": 2,
          "schema_version": 0,
          "attributes": {
            "availability_zone_id": "eun1-az3",
            "availability_zone_name": "eu-north-1c",
            "dns_name": "fs-0427e3f3076930467.efs.eu-north-1.amazonaws.com",
            "file_system_arn": "arn:aws:elasticfilesystem:eu-north-1:940482437723:file-system/fs-0427e3f3076930467",
            "file_system_id": "fs-0427e3f3076930467",
            "id": "fsmt-0e4469518a8c59ce5",
            "ip_address": "145.255.0.156",
            "mount_target_dns_name": "eu-north-1c.fs-0427e3f3076930467.efs.eu-north-1.amazonaws.com",
            "network_interface_id": "eni-09605709ea49ceb7f",
            "owner_id": "940482437723",
            "security_groups": [
              "sg-048717c859d7e8b3d"
            ],
            "subnet_id": "subnet-01844d1632b31c1eb",
            "timeouts": null
          },
          "sensitive_attributes": [],
          "private": "eyJlMmJmYjczMC1lY2FhLTExZTYtOGY4OC0zNDM2M2JjN2M0YzAiOnsiY3JlYXRlIjoxODAwMDAwMDAwMDAwLCJkZWxldGUiOjYwMDAwMDAwMDAwMH19",
          "dependencies": [
            "module.efs.aws_efs_file_system.example",
            "module.vpc.aws_security_group.private",
            "module.vpc.aws_security_group.public",
            "module.vpc.aws_subnet.private",
            "module.vpc.aws_vpc.main",
            "module.vpc.data.aws_availability_zones.available"
          ]
        }
      ]
    },
    {
      "module": "module.loadbalancer",
      "mode": "managed",
      "type": "aws_instance",
      "name": "wordpress_instance",
      "provider": "provider[\"registry.terraform.io/hashicorp/aws\"]",
      "instances": [
        {
          "schema_version": 1,
          "attributes": {
            "ami": "ami-0feeaea28736b320d",
            "arn": "arn:aws:ec2:eu-north-1:940482437723:instance/i-06fa9b66b4b00d26c",
            "associate_public_ip_address": false,
            "availability_zone": "eu-north-1a",
            "capacity_reservation_specification": [
              {
                "capacity_reservation_preference": "open",
                "capacity_reservation_target": []
              }
            ],
            "cpu_core_count": 1,
            "cpu_options": [
              {
                "amd_sev_snp": "",
                "core_count": 1,
                "threads_per_core": 2
              }
            ],
            "cpu_threads_per_core": 2,
            "credit_specification": [
              {
                "cpu_credits": "unlimited"
              }
            ],
            "disable_api_stop": false,
            "disable_api_termination": false,
            "ebs_block_device": [],
            "ebs_optimized": false,
            "enable_primary_ipv6": null,
            "enclave_options": [
              {
                "enabled": false
              }
            ],
            "ephemeral_block_device": [],
            "get_password_data": false,
            "hibernation": false,
            "host_id": "",
            "host_resource_group_arn": null,
            "iam_instance_profile": "",
            "id": "i-06fa9b66b4b00d26c",
            "instance_initiated_shutdown_behavior": "stop",
            "instance_lifecycle": "",
            "instance_market_options": [],
            "instance_state": "running",
            "instance_type": "t3.micro",
            "ipv6_address_count": 0,
            "ipv6_addresses": [],
            "key_name": "Tej-ec2",
            "launch_template": [],
            "maintenance_options": [
              {
                "auto_recovery": "default"
              }
            ],
            "metadata_options": [
              {
                "http_endpoint": "enabled",
                "http_protocol_ipv6": "disabled",
                "http_put_response_hop_limit": 1,
                "http_tokens": "optional",
                "instance_metadata_tags": "disabled"
              }
            ],
            "monitoring": false,
            "network_interface": [],
            "outpost_arn": "",
            "password_data": "",
            "placement_group": "",
            "placement_partition_number": 0,
            "primary_network_interface_id": "eni-0ae7788deab6aecf4",
            "private_dns": "ip-145-255-0-72.eu-north-1.compute.internal",
            "private_dns_name_options": [
              {
                "enable_resource_name_dns_a_record": false,
                "enable_resource_name_dns_aaaa_record": false,
                "hostname_type": "ip-name"
              }
            ],
            "private_ip": "145.255.0.72",
            "public_dns": "",
            "public_ip": "",
            "root_block_device": [
              {
                "delete_on_termination": true,
                "device_name": "/dev/xvda",
                "encrypted": false,
                "iops": 100,
                "kms_key_id": "",
                "tags": {},
                "tags_all": {},
                "throughput": 0,
                "volume_id": "vol-092168779c395252a",
                "volume_size": 8,
                "volume_type": "gp2"
              }
            ],
            "secondary_private_ips": [],
            "security_groups": [],
            "source_dest_check": true,
            "spot_instance_request_id": "",
            "subnet_id": "subnet-0c890f7eadf540bc9",
            "tags": {
              "Name": "WordPress-Web-Server"
            },
            "tags_all": {
              "Name": "WordPress-Web-Server"
            },
            "tenancy": "default",
            "timeouts": null,
            "user_data": "0b7bebb24f01f83fa2e9a1728446f93921aa690d",
            "user_data_base64": null,
            "user_data_replace_on_change": false,
            "volume_tags": null,
            "vpc_security_group_ids": [
              "sg-048717c859d7e8b3d"
            ]
          },
          "sensitive_attributes": [
            [
              {
                "type": "get_attr",
                "value": "user_data"
              }
            ]
          ],
          "private": "eyJlMmJmYjczMC1lY2FhLTExZTYtOGY4OC0zNDM2M2JjN2M0YzAiOnsiY3JlYXRlIjo2MDAwMDAwMDAwMDAsImRlbGV0ZSI6MTIwMDAwMDAwMDAwMCwicmVhZCI6OTAwMDAwMDAwMDAwLCJ1cGRhdGUiOjYwMDAwMDAwMDAwMH0sInNjaGVtYV92ZXJzaW9uIjoiMSJ9",
          "dependencies": [
            "module.aws_secret.data.aws_ssm_parameter.db_password",
            "module.aws_secret.data.aws_ssm_parameter.db_username",
            "module.database.aws_db_instance.mysql",
            "module.database.aws_db_subnet_group.mysql",
            "module.efs.aws_efs_file_system.example",
            "module.vpc.aws_security_group.private",
            "module.vpc.aws_security_group.public",
            "module.vpc.aws_subnet.private",
            "module.vpc.aws_vpc.main",
            "module.vpc.data.aws_availability_zones.available"
          ]
        }
      ]
    },
    {
      "module": "module.loadbalancer",
      "mode": "managed",
      "type": "aws_instance",
      "name": "wordpress_instance_2",
      "provider": "provider[\"registry.terraform.io/hashicorp/aws\"]",
      "instances": [
        {
          "schema_version": 1,
          "attributes": {
            "ami": "ami-0feeaea28736b320d",
            "arn": "arn:aws:ec2:eu-north-1:940482437723:instance/i-056db1f8449c84afe",
            "associate_public_ip_address": false,
            "availability_zone": "eu-north-1b",
            "capacity_reservation_specification": [
              {
                "capacity_reservation_preference": "open",
                "capacity_reservation_target": []
              }
            ],
            "cpu_core_count": 1,
            "cpu_options": [
              {
                "amd_sev_snp": "",
                "core_count": 1,
                "threads_per_core": 2
              }
            ],
            "cpu_threads_per_core": 2,
            "credit_specification": [
              {
                "cpu_credits": "unlimited"
              }
            ],
            "disable_api_stop": false,
            "disable_api_termination": false,
            "ebs_block_device": [],
            "ebs_optimized": false,
            "enable_primary_ipv6": null,
            "enclave_options": [
              {
                "enabled": false
              }
            ],
            "ephemeral_block_device": [],
            "get_password_data": false,
            "hibernation": false,
            "host_id": "",
            "host_resource_group_arn": null,
            "iam_instance_profile": "",
            "id": "i-056db1f8449c84afe",
            "instance_initiated_shutdown_behavior": "stop",
            "instance_lifecycle": "",
            "instance_market_options": [],
            "instance_state": "running",
            "instance_type": "t3.micro",
            "ipv6_address_count": 0,
            "ipv6_addresses": [],
            "key_name": "Tej-ec2",
            "launch_template": [],
            "maintenance_options": [
              {
                "auto_recovery": "default"
              }
            ],
            "metadata_options": [
              {
                "http_endpoint": "enabled",
                "http_protocol_ipv6": "disabled",
                "http_put_response_hop_limit": 1,
                "http_tokens": "optional",
                "instance_metadata_tags": "disabled"
              }
            ],
            "monitoring": false,
            "network_interface": [],
            "outpost_arn": "",
            "password_data": "",
            "placement_group": "",
            "placement_partition_number": 0,
            "primary_network_interface_id": "eni-0f95685365a05f000",
            "private_dns": "ip-145-255-0-114.eu-north-1.compute.internal",
            "private_dns_name_options": [
              {
                "enable_resource_name_dns_a_record": false,
                "enable_resource_name_dns_aaaa_record": false,
                "hostname_type": "ip-name"
              }
            ],
            "private_ip": "145.255.0.114",
            "public_dns": "",
            "public_ip": "",
            "root_block_device": [
              {
                "delete_on_termination": true,
                "device_name": "/dev/xvda",
                "encrypted": false,
                "iops": 100,
                "kms_key_id": "",
                "tags": {},
                "tags_all": {},
                "throughput": 0,
                "volume_id": "vol-0b2a60adfeff9671b",
                "volume_size": 8,
                "volume_type": "gp2"
              }
            ],
            "secondary_private_ips": [],
            "security_groups": [],
            "source_dest_check": true,
            "spot_instance_request_id": "",
            "subnet_id": "subnet-043b84e7d841ff860",
            "tags": {
              "Name": "WordPress-Web-Server-2"
            },
            "tags_all": {
              "Name": "WordPress-Web-Server-2"
            },
            "tenancy": "default",
            "timeouts": null,
            "user_data": "0b7bebb24f01f83fa2e9a1728446f93921aa690d",
            "user_data_base64": null,
            "user_data_replace_on_change": false,
            "volume_tags": null,
            "vpc_security_group_ids": [
              "sg-048717c859d7e8b3d"
            ]
          },
          "sensitive_attributes": [
            [
              {
                "type": "get_attr",
                "value": "user_data"
              }
            ]
          ],
          "private": "eyJlMmJmYjczMC1lY2FhLTExZTYtOGY4OC0zNDM2M2JjN2M0YzAiOnsiY3JlYXRlIjo2MDAwMDAwMDAwMDAsImRlbGV0ZSI6MTIwMDAwMDAwMDAwMCwicmVhZCI6OTAwMDAwMDAwMDAwLCJ1cGRhdGUiOjYwMDAwMDAwMDAwMH0sInNjaGVtYV92ZXJzaW9uIjoiMSJ9",
          "dependencies": [
            "module.aws_secret.data.aws_ssm_parameter.db_password",
            "module.aws_secret.data.aws_ssm_parameter.db_username",
            "module.database.aws_db_instance.mysql",
            "module.database.aws_db_subnet_group.mysql",
            "module.efs.aws_efs_file_system.example",
            "module.vpc.aws_security_group.private",
            "module.vpc.aws_security_group.public",
            "module.vpc.aws_subnet.private",
            "module.vpc.aws_vpc.main",
            "module.vpc.data.aws_availability_zones.available"
          ]
        }
      ]
    },
    {
      "module": "module.loadbalancer",
      "mode": "managed",
      "type": "aws_lb",
      "name": "wordpress_lb",
      "provider": "provider[\"registry.terraform.io/hashicorp/aws\"]",
      "instances": [
        {
          "schema_version": 0,
          "attributes": {
            "access_logs": [
              {
                "bucket": "",
                "enabled": false,
                "prefix": ""
              }
            ],
            "arn": "arn:aws:elasticloadbalancing:eu-north-1:940482437723:loadbalancer/app/wordpress-alb/c1499c72e5cb485f",
            "arn_suffix": "app/wordpress-alb/c1499c72e5cb485f",
            "client_keep_alive": 3600,
            "connection_logs": [
              {
                "bucket": "",
                "enabled": false,
                "prefix": ""
              }
            ],
            "customer_owned_ipv4_pool": "",
            "desync_mitigation_mode": "defensive",
            "dns_name": "wordpress-alb-1337964128.eu-north-1.elb.amazonaws.com",
            "dns_record_client_routing_policy": null,
            "drop_invalid_header_fields": false,
            "enable_cross_zone_load_balancing": true,
            "enable_deletion_protection": false,
            "enable_http2": true,
            "enable_tls_version_and_cipher_suite_headers": false,
            "enable_waf_fail_open": false,
            "enable_xff_client_port": false,
            "enable_zonal_shift": false,
            "enforce_security_group_inbound_rules_on_private_link_traffic": "",
            "id": "arn:aws:elasticloadbalancing:eu-north-1:940482437723:loadbalancer/app/wordpress-alb/c1499c72e5cb485f",
            "idle_timeout": 60,
            "internal": false,
            "ip_address_type": "ipv4",
            "load_balancer_type": "application",
            "name": "wordpress-alb",
            "name_prefix": "",
            "preserve_host_header": false,
            "security_groups": [
              "sg-06969315671e8e8fe"
            ],
            "subnet_mapping": [
              {
                "allocation_id": "",
                "ipv6_address": "",
                "outpost_id": "",
                "private_ipv4_address": "",
                "subnet_id": "subnet-0068f0ce1845adc38"
              },
              {
                "allocation_id": "",
                "ipv6_address": "",
                "outpost_id": "",
                "private_ipv4_address": "",
                "subnet_id": "subnet-0bc45cce9bc6ef64b"
              }
            ],
            "subnets": [
              "subnet-0068f0ce1845adc38",
              "subnet-0bc45cce9bc6ef64b"
            ],
            "tags": {
              "Name": "WordPress-Load-Balancer"
            },
            "tags_all": {
              "Name": "WordPress-Load-Balancer"
            },
            "timeouts": null,
            "vpc_id": "vpc-0b05f673c9497c810",
            "xff_header_processing_mode": "append",
            "zone_id": "Z23TAZ6LKFMNIO"
          },
          "sensitive_attributes": [],
          "private": "eyJlMmJmYjczMC1lY2FhLTExZTYtOGY4OC0zNDM2M2JjN2M0YzAiOnsiY3JlYXRlIjo2MDAwMDAwMDAwMDAsImRlbGV0ZSI6NjAwMDAwMDAwMDAwLCJ1cGRhdGUiOjYwMDAwMDAwMDAwMH19",
          "dependencies": [
            "module.vpc.aws_security_group.public",
            "module.vpc.aws_subnet.public",
            "module.vpc.aws_vpc.main",
            "module.vpc.data.aws_availability_zones.available"
          ]
        }
      ]
    },
    {
      "module": "module.loadbalancer",
      "mode": "managed",
      "type": "aws_lb_listener",
      "name": "wordpress_listener",
      "provider": "provider[\"registry.terraform.io/hashicorp/aws\"]",
      "instances": [
        {
          "schema_version": 0,
          "attributes": {
            "alpn_policy": null,
            "arn": "arn:aws:elasticloadbalancing:eu-north-1:940482437723:listener/app/wordpress-alb/c1499c72e5cb485f/22a5ab85fe9ea099",
            "certificate_arn": null,
            "default_action": [
              {
                "authenticate_cognito": [],
                "authenticate_oidc": [],
                "fixed_response": [],
                "forward": [],
                "order": 1,
                "redirect": [],
                "target_group_arn": "arn:aws:elasticloadbalancing:eu-north-1:940482437723:targetgroup/wordpress-tg/919385217b5b7955",
                "type": "forward"
              }
            ],
            "id": "arn:aws:elasticloadbalancing:eu-north-1:940482437723:listener/app/wordpress-alb/c1499c72e5cb485f/22a5ab85fe9ea099",
            "load_balancer_arn": "arn:aws:elasticloadbalancing:eu-north-1:940482437723:loadbalancer/app/wordpress-alb/c1499c72e5cb485f",
            "mutual_authentication": [],
            "port": 80,
            "protocol": "HTTP",
            "ssl_policy": "",
            "tags": null,
            "tags_all": {},
            "tcp_idle_timeout_seconds": null,
            "timeouts": null
          },
          "sensitive_attributes": [],
          "private": "eyJlMmJmYjczMC1lY2FhLTExZTYtOGY4OC0zNDM2M2JjN2M0YzAiOnsiY3JlYXRlIjozMDAwMDAwMDAwMDAsInVwZGF0ZSI6MzAwMDAwMDAwMDAwfX0=",
          "dependencies": [
            "module.loadbalancer.aws_lb.wordpress_lb",
            "module.loadbalancer.aws_lb_target_group.wordpress_target_group",
            "module.vpc.aws_security_group.public",
            "module.vpc.aws_subnet.public",
            "module.vpc.aws_vpc.main",
            "module.vpc.data.aws_availability_zones.available"
          ]
        }
      ]
    },
    {
      "module": "module.loadbalancer",
      "mode": "managed",
      "type": "aws_lb_target_group",
      "name": "wordpress_target_group",
      "provider": "provider[\"registry.terraform.io/hashicorp/aws\"]",
      "instances": [
        {
          "schema_version": 0,
          "attributes": {
            "arn": "arn:aws:elasticloadbalancing:eu-north-1:940482437723:targetgroup/wordpress-tg/919385217b5b7955",
            "arn_suffix": "targetgroup/wordpress-tg/919385217b5b7955",
            "connection_termination": null,
            "deregistration_delay": "300",
            "health_check": [
              {
                "enabled": true,
                "healthy_threshold": 2,
                "interval": 30,
                "matcher": "200",
                "path": "/",
                "port": "traffic-port",
                "protocol": "HTTP",
                "timeout": 5,
                "unhealthy_threshold": 2
              }
            ],
            "id": "arn:aws:elasticloadbalancing:eu-north-1:940482437723:targetgroup/wordpress-tg/919385217b5b7955",
            "ip_address_type": "ipv4",
            "lambda_multi_value_headers_enabled": false,
            "load_balancer_arns": [],
            "load_balancing_algorithm_type": "round_robin",
            "load_balancing_anomaly_mitigation": "off",
            "load_balancing_cross_zone_enabled": "use_load_balancer_configuration",
            "name": "wordpress-tg",
            "name_prefix": "",
            "port": 80,
            "preserve_client_ip": null,
            "protocol": "HTTP",
            "protocol_version": "HTTP1",
            "proxy_protocol_v2": false,
            "slow_start": 0,
            "stickiness": [
              {
                "cookie_duration": 86400,
                "cookie_name": "",
                "enabled": false,
                "type": "lb_cookie"
              }
            ],
            "tags": {
              "Name": "WordPress-Target-Group"
            },
            "tags_all": {
              "Name": "WordPress-Target-Group"
            },
            "target_failover": [
              {
                "on_deregistration": null,
                "on_unhealthy": null
              }
            ],
            "target_group_health": [
              {
                "dns_failover": [
                  {
                    "minimum_healthy_targets_count": "1",
                    "minimum_healthy_targets_percentage": "off"
                  }
                ],
                "unhealthy_state_routing": [
                  {
                    "minimum_healthy_targets_count": 1,
                    "minimum_healthy_targets_percentage": "off"
                  }
                ]
              }
            ],
            "target_health_state": [
              {
                "enable_unhealthy_connection_termination": null,
                "unhealthy_draining_interval": null
              }
            ],
            "target_type": "instance",
            "vpc_id": "vpc-0b05f673c9497c810"
          },
          "sensitive_attributes": [],
          "private": "bnVsbA==",
          "dependencies": [
            "module.vpc.aws_vpc.main"
          ]
        }
      ]
    },
    {
      "module": "module.loadbalancer",
      "mode": "managed",
      "type": "aws_lb_target_group_attachment",
      "name": "wordpress_instance_1_attachment",
      "provider": "provider[\"registry.terraform.io/hashicorp/aws\"]",
      "instances": [
        {
          "schema_version": 0,
          "attributes": {
            "availability_zone": null,
            "id": "arn:aws:elasticloadbalancing:eu-north-1:940482437723:targetgroup/wordpress-tg/919385217b5b7955-20250106145622560300000011",
            "port": 80,
            "target_group_arn": "arn:aws:elasticloadbalancing:eu-north-1:940482437723:targetgroup/wordpress-tg/919385217b5b7955",
            "target_id": "i-06fa9b66b4b00d26c"
          },
          "sensitive_attributes": [],
          "private": "bnVsbA==",
          "dependencies": [
            "module.aws_secret.data.aws_ssm_parameter.db_password",
            "module.aws_secret.data.aws_ssm_parameter.db_username",
            "module.database.aws_db_instance.mysql",
            "module.database.aws_db_subnet_group.mysql",
            "module.efs.aws_efs_file_system.example",
            "module.loadbalancer.aws_instance.wordpress_instance",
            "module.loadbalancer.aws_lb_target_group.wordpress_target_group",
            "module.vpc.aws_security_group.private",
            "module.vpc.aws_security_group.public",
            "module.vpc.aws_subnet.private",
            "module.vpc.aws_vpc.main",
            "module.vpc.data.aws_availability_zones.available"
          ]
        }
      ]
    },
    {
      "module": "module.loadbalancer",
      "mode": "managed",
      "type": "aws_lb_target_group_attachment",
      "name": "wordpress_instance_2_attachment",
      "provider": "provider[\"registry.terraform.io/hashicorp/aws\"]",
      "instances": [
        {
          "schema_version": 0,
          "attributes": {
            "availability_zone": null,
            "id": "arn:aws:elasticloadbalancing:eu-north-1:940482437723:targetgroup/wordpress-tg/919385217b5b7955-20250106145622988300000012",
            "port": 80,
            "target_group_arn": "arn:aws:elasticloadbalancing:eu-north-1:940482437723:targetgroup/wordpress-tg/919385217b5b7955",
            "target_id": "i-056db1f8449c84afe"
          },
          "sensitive_attributes": [],
          "private": "bnVsbA==",
          "dependencies": [
            "module.aws_secret.data.aws_ssm_parameter.db_password",
            "module.aws_secret.data.aws_ssm_parameter.db_username",
            "module.database.aws_db_instance.mysql",
            "module.database.aws_db_subnet_group.mysql",
            "module.efs.aws_efs_file_system.example",
            "module.loadbalancer.aws_instance.wordpress_instance_2",
            "module.loadbalancer.aws_lb_target_group.wordpress_target_group",
            "module.vpc.aws_security_group.private",
            "module.vpc.aws_security_group.public",
            "module.vpc.aws_subnet.private",
            "module.vpc.aws_vpc.main",
            "module.vpc.data.aws_availability_zones.available"
          ]
        }
      ]
    },
    {
      "module": "module.route53",
      "mode": "managed",
      "type": "aws_route53_record",
      "name": "cname",
      "provider": "provider[\"registry.terraform.io/hashicorp/aws\"]",
      "instances": [
        {
          "schema_version": 2,
          "attributes": {
            "alias": [],
            "allow_overwrite": null,
            "cidr_routing_policy": [],
            "failover_routing_policy": [],
            "fqdn": "www.whuatorhetejiri.click",
            "geolocation_routing_policy": [],
            "geoproximity_routing_policy": [],
            "health_check_id": "",
            "id": "Z0122440TDZDNOQCEZHL_www.whuatorhetejiri.click_CNAME",
            "latency_routing_policy": [],
            "multivalue_answer_routing_policy": false,
            "name": "www.whuatorhetejiri.click",
            "records": [
              "wordpress-alb-1337964128.eu-north-1.elb.amazonaws.com"
            ],
            "set_identifier": "",
            "ttl": 300,
            "type": "CNAME",
            "weighted_routing_policy": [],
            "zone_id": "Z0122440TDZDNOQCEZHL"
          },
          "sensitive_attributes": [],
          "private": "eyJzY2hlbWFfdmVyc2lvbiI6IjIifQ==",
          "dependencies": [
            "module.loadbalancer.aws_lb.wordpress_lb",
            "module.route53.aws_route53_zone.main",
            "module.vpc.aws_security_group.public",
            "module.vpc.aws_subnet.public",
            "module.vpc.aws_vpc.main",
            "module.vpc.data.aws_availability_zones.available"
          ]
        }
      ]
    },
    {
      "module": "module.route53",
      "mode": "managed",
      "type": "aws_route53_zone",
      "name": "main",
      "provider": "provider[\"registry.terraform.io/hashicorp/aws\"]",
      "instances": [
        {
          "schema_version": 0,
          "attributes": {
            "arn": "arn:aws:route53:::hostedzone/Z0122440TDZDNOQCEZHL",
            "comment": "Managed by Terraform",
            "delegation_set_id": "",
            "force_destroy": false,
            "id": "Z0122440TDZDNOQCEZHL",
            "name": "whuatorhetejiri.click",
            "name_servers": [
              "ns-1527.awsdns-62.org",
              "ns-1903.awsdns-45.co.uk",
              "ns-469.awsdns-58.com",
              "ns-968.awsdns-57.net"
            ],
            "primary_name_server": "ns-1903.awsdns-45.co.uk",
            "tags": null,
            "tags_all": {},
            "vpc": [],
            "zone_id": "Z0122440TDZDNOQCEZHL"
          },
          "sensitive_attributes": [],
          "private": "bnVsbA=="
        }
      ]
    },
    {
      "module": "module.vpc",
      "mode": "data",
      "type": "aws_availability_zones",
      "name": "available",
      "provider": "provider[\"registry.terraform.io/hashicorp/aws\"]",
      "instances": [
        {
          "schema_version": 0,
          "attributes": {
            "all_availability_zones": null,
            "exclude_names": null,
            "exclude_zone_ids": null,
            "filter": null,
            "group_names": [
              "eu-north-1"
            ],
            "id": "eu-north-1",
            "names": [
              "eu-north-1a",
              "eu-north-1b",
              "eu-north-1c"
            ],
            "state": "available",
            "timeouts": null,
            "zone_ids": [
              "eun1-az1",
              "eun1-az2",
              "eun1-az3"
            ]
          },
          "sensitive_attributes": []
        }
      ]
    },
    {
      "module": "module.vpc",
      "mode": "managed",
      "type": "aws_eip",
      "name": "nat",
      "provider": "provider[\"registry.terraform.io/hashicorp/aws\"]",
      "instances": [
        {
          "index_key": 0,
          "schema_version": 0,
          "attributes": {
            "address": null,
            "allocation_id": "eipalloc-055c758058a14b030",
            "arn": "arn:aws:ec2:eu-north-1:940482437723:elastic-ip/eipalloc-055c758058a14b030",
            "associate_with_private_ip": null,
            "association_id": "",
            "carrier_ip": "",
            "customer_owned_ip": "",
            "customer_owned_ipv4_pool": "",
            "domain": "vpc",
            "id": "eipalloc-055c758058a14b030",
            "instance": "",
            "ipam_pool_id": null,
            "network_border_group": "eu-north-1",
            "network_interface": "",
            "private_dns": null,
            "private_ip": "",
            "ptr_record": "",
            "public_dns": "ec2-13-61-160-189.eu-north-1.compute.amazonaws.com",
            "public_ip": "13.61.160.189",
            "public_ipv4_pool": "amazon",
            "tags": {
              "Name": "NAT-EIP-1"
            },
            "tags_all": {
              "Name": "NAT-EIP-1"
            },
            "timeouts": null,
            "vpc": true
          },
          "sensitive_attributes": [],
          "private": "eyJlMmJmYjczMC1lY2FhLTExZTYtOGY4OC0zNDM2M2JjN2M0YzAiOnsiZGVsZXRlIjoxODAwMDAwMDAwMDAsInJlYWQiOjkwMDAwMDAwMDAwMCwidXBkYXRlIjozMDAwMDAwMDAwMDB9fQ=="
        },
        {
          "index_key": 1,
          "schema_version": 0,
          "attributes": {
            "address": null,
            "allocation_id": "eipalloc-0b8847af6edcf8482",
            "arn": "arn:aws:ec2:eu-north-1:940482437723:elastic-ip/eipalloc-0b8847af6edcf8482",
            "associate_with_private_ip": null,
            "association_id": "",
            "carrier_ip": "",
            "customer_owned_ip": "",
            "customer_owned_ipv4_pool": "",
            "domain": "vpc",
            "id": "eipalloc-0b8847af6edcf8482",
            "instance": "",
            "ipam_pool_id": null,
            "network_border_group": "eu-north-1",
            "network_interface": "",
            "private_dns": null,
            "private_ip": "",
            "ptr_record": "",
            "public_dns": "ec2-13-49-168-202.eu-north-1.compute.amazonaws.com",
            "public_ip": "13.49.168.202",
            "public_ipv4_pool": "amazon",
            "tags": {
              "Name": "NAT-EIP-2"
            },
            "tags_all": {
              "Name": "NAT-EIP-2"
            },
            "timeouts": null,
            "vpc": true
          },
          "sensitive_attributes": [],
          "private": "eyJlMmJmYjczMC1lY2FhLTExZTYtOGY4OC0zNDM2M2JjN2M0YzAiOnsiZGVsZXRlIjoxODAwMDAwMDAwMDAsInJlYWQiOjkwMDAwMDAwMDAwMCwidXBkYXRlIjozMDAwMDAwMDAwMDB9fQ=="
        }
      ]
    },
    {
      "module": "module.vpc",
      "mode": "managed",
      "type": "aws_internet_gateway",
      "name": "igw",
      "provider": "provider[\"registry.terraform.io/hashicorp/aws\"]",
      "instances": [
        {
          "schema_version": 0,
          "attributes": {
            "arn": "arn:aws:ec2:eu-north-1:940482437723:internet-gateway/igw-0b303bfb0ec57e838",
            "id": "igw-0b303bfb0ec57e838",
            "owner_id": "940482437723",
            "tags": {
              "Name": "wordpress-igw"
            },
            "tags_all": {
              "Name": "wordpress-igw"
            },
            "timeouts": null,
            "vpc_id": "vpc-0b05f673c9497c810"
          },
          "sensitive_attributes": [],
          "private": "eyJlMmJmYjczMC1lY2FhLTExZTYtOGY4OC0zNDM2M2JjN2M0YzAiOnsiY3JlYXRlIjoxMjAwMDAwMDAwMDAwLCJkZWxldGUiOjEyMDAwMDAwMDAwMDAsInVwZGF0ZSI6MTIwMDAwMDAwMDAwMH19",
          "dependencies": [
            "module.vpc.aws_vpc.main"
          ]
        }
      ]
    },
    {
      "module": "module.vpc",
      "mode": "managed",
      "type": "aws_main_route_table_association",
      "name": "main_public",
      "provider": "provider[\"registry.terraform.io/hashicorp/aws\"]",
      "instances": [
        {
          "schema_version": 0,
          "attributes": {
            "id": "rtbassoc-0f2204c074d423c59",
            "original_route_table_id": "rtb-0036c46c725c0321a",
            "route_table_id": "rtb-0be33bc59e1997cb9",
            "timeouts": null,
            "vpc_id": "vpc-0b05f673c9497c810"
          },
          "sensitive_attributes": [],
          "private": "eyJlMmJmYjczMC1lY2FhLTExZTYtOGY4OC0zNDM2M2JjN2M0YzAiOnsiY3JlYXRlIjozMDAwMDAwMDAwMDAsImRlbGV0ZSI6MzAwMDAwMDAwMDAwLCJ1cGRhdGUiOjEyMDAwMDAwMDAwMH19",
          "dependencies": [
            "module.vpc.aws_route_table.public",
            "module.vpc.aws_vpc.main"
          ]
        }
      ]
    },
    {
      "module": "module.vpc",
      "mode": "managed",
      "type": "aws_nat_gateway",
      "name": "nat",
      "provider": "provider[\"registry.terraform.io/hashicorp/aws\"]",
      "instances": [
        {
          "index_key": 0,
          "schema_version": 0,
          "attributes": {
            "allocation_id": "eipalloc-055c758058a14b030",
            "association_id": "eipassoc-0ca47a607b6329b44",
            "connectivity_type": "public",
            "id": "nat-0a090e3b39d3267e3",
            "network_interface_id": "eni-01c97ae22145edd26",
            "private_ip": "145.255.0.28",
            "public_ip": "13.61.160.189",
            "secondary_allocation_ids": null,
            "secondary_private_ip_address_count": 0,
            "secondary_private_ip_addresses": [],
            "subnet_id": "subnet-0bc45cce9bc6ef64b",
            "tags": {
              "Name": "NAT-Gateway-1"
            },
            "tags_all": {
              "Name": "NAT-Gateway-1"
            },
            "timeouts": null
          },
          "sensitive_attributes": [],
          "private": "eyJlMmJmYjczMC1lY2FhLTExZTYtOGY4OC0zNDM2M2JjN2M0YzAiOnsiY3JlYXRlIjo2MDAwMDAwMDAwMDAsImRlbGV0ZSI6MTgwMDAwMDAwMDAwMCwidXBkYXRlIjo2MDAwMDAwMDAwMDB9fQ==",
          "dependencies": [
            "module.vpc.aws_eip.nat",
            "module.vpc.aws_subnet.public",
            "module.vpc.aws_vpc.main",
            "module.vpc.data.aws_availability_zones.available"
          ]
        },
        {
          "index_key": 1,
          "schema_version": 0,
          "attributes": {
            "allocation_id": "eipalloc-0b8847af6edcf8482",
            "association_id": "eipassoc-03fcf62c646633559",
            "connectivity_type": "public",
            "id": "nat-0c154e5fb15331cf7",
            "network_interface_id": "eni-019940a24b1da153d",
            "private_ip": "145.255.0.50",
            "public_ip": "13.49.168.202",
            "secondary_allocation_ids": null,
            "secondary_private_ip_address_count": 0,
            "secondary_private_ip_addresses": [],
            "subnet_id": "subnet-0068f0ce1845adc38",
            "tags": {
              "Name": "NAT-Gateway-2"
            },
            "tags_all": {
              "Name": "NAT-Gateway-2"
            },
            "timeouts": null
          },
          "sensitive_attributes": [],
          "private": "eyJlMmJmYjczMC1lY2FhLTExZTYtOGY4OC0zNDM2M2JjN2M0YzAiOnsiY3JlYXRlIjo2MDAwMDAwMDAwMDAsImRlbGV0ZSI6MTgwMDAwMDAwMDAwMCwidXBkYXRlIjo2MDAwMDAwMDAwMDB9fQ==",
          "dependencies": [
            "module.vpc.aws_eip.nat",
            "module.vpc.aws_subnet.public",
            "module.vpc.aws_vpc.main",
            "module.vpc.data.aws_availability_zones.available"
          ]
        }
      ]
    },
    {
      "module": "module.vpc",
      "mode": "managed",
      "type": "aws_network_acl",
      "name": "private",
      "provider": "provider[\"registry.terraform.io/hashicorp/aws\"]",
      "instances": [
        {
          "schema_version": 0,
          "attributes": {
            "arn": "arn:aws:ec2:eu-north-1:940482437723:network-acl/acl-0eb66e23f28149779",
            "egress": [],
            "id": "acl-0eb66e23f28149779",
            "ingress": [],
            "owner_id": "940482437723",
            "subnet_ids": [],
            "tags": {
              "Name": "Private-NACL"
            },
            "tags_all": {
              "Name": "Private-NACL"
            },
            "vpc_id": "vpc-0b05f673c9497c810"
          },
          "sensitive_attributes": [],
          "private": "bnVsbA==",
          "dependencies": [
            "module.vpc.aws_vpc.main"
          ]
        }
      ]
    },
    {
      "module": "module.vpc",
      "mode": "managed",
      "type": "aws_network_acl",
      "name": "public",
      "provider": "provider[\"registry.terraform.io/hashicorp/aws\"]",
      "instances": [
        {
          "schema_version": 0,
          "attributes": {
            "arn": "arn:aws:ec2:eu-north-1:940482437723:network-acl/acl-02f62cc3d98afab7e",
            "egress": [],
            "id": "acl-02f62cc3d98afab7e",
            "ingress": [],
            "owner_id": "940482437723",
            "subnet_ids": [],
            "tags": {
              "Name": "Public-NACL"
            },
            "tags_all": {
              "Name": "Public-NACL"
            },
            "vpc_id": "vpc-0b05f673c9497c810"
          },
          "sensitive_attributes": [],
          "private": "bnVsbA==",
          "dependencies": [
            "module.vpc.aws_vpc.main"
          ]
        }
      ]
    },
    {
      "module": "module.vpc",
      "mode": "managed",
      "type": "aws_network_acl_association",
      "name": "private",
      "provider": "provider[\"registry.terraform.io/hashicorp/aws\"]",
      "instances": [
        {
          "index_key": 0,
          "schema_version": 0,
          "attributes": {
            "id": "aclassoc-04980c1df66e1a095",
            "network_acl_id": "acl-0eb66e23f28149779",
            "subnet_id": "subnet-0c890f7eadf540bc9"
          },
          "sensitive_attributes": [],
          "private": "bnVsbA==",
          "dependencies": [
            "module.vpc.aws_network_acl.private",
            "module.vpc.aws_subnet.private",
            "module.vpc.aws_vpc.main",
            "module.vpc.data.aws_availability_zones.available"
          ]
        },
        {
          "index_key": 1,
          "schema_version": 0,
          "attributes": {
            "id": "aclassoc-078ba70659f81947f",
            "network_acl_id": "acl-0eb66e23f28149779",
            "subnet_id": "subnet-043b84e7d841ff860"
          },
          "sensitive_attributes": [],
          "private": "bnVsbA==",
          "dependencies": [
            "module.vpc.aws_network_acl.private",
            "module.vpc.aws_subnet.private",
            "module.vpc.aws_vpc.main",
            "module.vpc.data.aws_availability_zones.available"
          ]
        },
        {
          "index_key": 2,
          "schema_version": 0,
          "attributes": {
            "id": "aclassoc-06cdaea00a4b4fcdb",
            "network_acl_id": "acl-0eb66e23f28149779",
            "subnet_id": "subnet-01844d1632b31c1eb"
          },
          "sensitive_attributes": [],
          "private": "bnVsbA==",
          "dependencies": [
            "module.vpc.aws_network_acl.private",
            "module.vpc.aws_subnet.private",
            "module.vpc.aws_vpc.main",
            "module.vpc.data.aws_availability_zones.available"
          ]
        },
        {
          "index_key": 3,
          "schema_version": 0,
          "attributes": {
            "id": "aclassoc-092fcce6d920ed294",
            "network_acl_id": "acl-0eb66e23f28149779",
            "subnet_id": "subnet-031408f3c4a33d228"
          },
          "sensitive_attributes": [],
          "private": "bnVsbA==",
          "dependencies": [
            "module.vpc.aws_network_acl.private",
            "module.vpc.aws_subnet.private",
            "module.vpc.aws_vpc.main",
            "module.vpc.data.aws_availability_zones.available"
          ]
        }
      ]
    },
    {
      "module": "module.vpc",
      "mode": "managed",
      "type": "aws_network_acl_association",
      "name": "public",
      "provider": "provider[\"registry.terraform.io/hashicorp/aws\"]",
      "instances": [
        {
          "index_key": 0,
          "schema_version": 0,
          "attributes": {
            "id": "aclassoc-05e317f4ebd77042a",
            "network_acl_id": "acl-02f62cc3d98afab7e",
            "subnet_id": "subnet-0bc45cce9bc6ef64b"
          },
          "sensitive_attributes": [],
          "private": "bnVsbA==",
          "dependencies": [
            "module.vpc.aws_network_acl.public",
            "module.vpc.aws_subnet.public",
            "module.vpc.aws_vpc.main",
            "module.vpc.data.aws_availability_zones.available"
          ]
        },
        {
          "index_key": 1,
          "schema_version": 0,
          "attributes": {
            "id": "aclassoc-00c2430b9f7df08af",
            "network_acl_id": "acl-02f62cc3d98afab7e",
            "subnet_id": "subnet-0068f0ce1845adc38"
          },
          "sensitive_attributes": [],
          "private": "bnVsbA==",
          "dependencies": [
            "module.vpc.aws_network_acl.public",
            "module.vpc.aws_subnet.public",
            "module.vpc.aws_vpc.main",
            "module.vpc.data.aws_availability_zones.available"
          ]
        }
      ]
    },
    {
      "module": "module.vpc",
      "mode": "managed",
      "type": "aws_network_acl_rule",
      "name": "allow_all_inbound",
      "provider": "provider[\"registry.terraform.io/hashicorp/aws\"]",
      "instances": [
        {
          "schema_version": 0,
          "attributes": {
            "cidr_block": "0.0.0.0/0",
            "egress": false,
            "from_port": 0,
            "icmp_code": null,
            "icmp_type": null,
            "id": "nacl-2897012771",
            "ipv6_cidr_block": "",
            "network_acl_id": "acl-0eb66e23f28149779",
            "protocol": "-1",
            "rule_action": "allow",
            "rule_number": 140,
            "to_port": 0
          },
          "sensitive_attributes": [],
          "private": "bnVsbA==",
          "dependencies": [
            "module.vpc.aws_network_acl.private",
            "module.vpc.aws_vpc.main"
          ]
        }
      ]
    },
    {
      "module": "module.vpc",
      "mode": "managed",
      "type": "aws_network_acl_rule",
      "name": "private_inbound_db",
      "provider": "provider[\"registry.terraform.io/hashicorp/aws\"]",
      "instances": [
        {
          "schema_version": 0,
          "attributes": {
            "cidr_block": "145.255.0.0/20",
            "egress": false,
            "from_port": 3306,
            "icmp_code": null,
            "icmp_type": null,
            "id": "nacl-4262544542",
            "ipv6_cidr_block": "",
            "network_acl_id": "acl-0eb66e23f28149779",
            "protocol": "6",
            "rule_action": "allow",
            "rule_number": 110,
            "to_port": 3306
          },
          "sensitive_attributes": [],
          "private": "bnVsbA==",
          "dependencies": [
            "module.vpc.aws_network_acl.private",
            "module.vpc.aws_vpc.main"
          ]
        }
      ]
    },
    {
      "module": "module.vpc",
      "mode": "managed",
      "type": "aws_network_acl_rule",
      "name": "private_inbound_efs",
      "provider": "provider[\"registry.terraform.io/hashicorp/aws\"]",
      "instances": [
        {
          "schema_version": 0,
          "attributes": {
            "cidr_block": "145.255.0.0/20",
            "egress": false,
            "from_port": 2049,
            "icmp_code": null,
            "icmp_type": null,
            "id": "nacl-3139758603",
            "ipv6_cidr_block": "",
            "network_acl_id": "acl-0eb66e23f28149779",
            "protocol": "6",
            "rule_action": "allow",
            "rule_number": 105,
            "to_port": 2049
          },
          "sensitive_attributes": [],
          "private": "bnVsbA==",
          "dependencies": [
            "module.vpc.aws_network_acl.private",
            "module.vpc.aws_vpc.main"
          ]
        }
      ]
    },
    {
      "module": "module.vpc",
      "mode": "managed",
      "type": "aws_network_acl_rule",
      "name": "private_inbound_ephemeral",
      "provider": "provider[\"registry.terraform.io/hashicorp/aws\"]",
      "instances": [
        {
          "schema_version": 0,
          "attributes": {
            "cidr_block": "145.255.0.0/20",
            "egress": false,
            "from_port": 1024,
            "icmp_code": null,
            "icmp_type": null,
            "id": "nacl-629926885",
            "ipv6_cidr_block": "",
            "network_acl_id": "acl-0eb66e23f28149779",
            "protocol": "6",
            "rule_action": "allow",
            "rule_number": 108,
            "to_port": 65535
          },
          "sensitive_attributes": [],
          "private": "bnVsbA==",
          "dependencies": [
            "module.vpc.aws_network_acl.private",
            "module.vpc.aws_vpc.main"
          ]
        }
      ]
    },
    {
      "module": "module.vpc",
      "mode": "managed",
      "type": "aws_network_acl_rule",
      "name": "private_inbound_http",
      "provider": "provider[\"registry.terraform.io/hashicorp/aws\"]",
      "instances": [
        {
          "schema_version": 0,
          "attributes": {
            "cidr_block": "145.255.0.0/20",
            "egress": false,
            "from_port": 80,
            "icmp_code": null,
            "icmp_type": null,
            "id": "nacl-596090139",
            "ipv6_cidr_block": "",
            "network_acl_id": "acl-0eb66e23f28149779",
            "protocol": "6",
            "rule_action": "allow",
            "rule_number": 100,
            "to_port": 80
          },
          "sensitive_attributes": [],
          "private": "bnVsbA==",
          "dependencies": [
            "module.vpc.aws_network_acl.private",
            "module.vpc.aws_vpc.main"
          ]
        }
      ]
    },
    {
      "module": "module.vpc",
      "mode": "managed",
      "type": "aws_network_acl_rule",
      "name": "private_inbound_ssh",
      "provider": "provider[\"registry.terraform.io/hashicorp/aws\"]",
      "instances": [
        {
          "schema_version": 0,
          "attributes": {
            "cidr_block": "145.255.0.0/20",
            "egress": false,
            "from_port": 22,
            "icmp_code": null,
            "icmp_type": null,
            "id": "nacl-3682099008",
            "ipv6_cidr_block": "",
            "network_acl_id": "acl-0eb66e23f28149779",
            "protocol": "6",
            "rule_action": "allow",
            "rule_number": 125,
            "to_port": 22
          },
          "sensitive_attributes": [],
          "private": "bnVsbA==",
          "dependencies": [
            "module.vpc.aws_network_acl.private",
            "module.vpc.aws_vpc.main"
          ]
        }
      ]
    },
    {
      "module": "module.vpc",
      "mode": "managed",
      "type": "aws_network_acl_rule",
      "name": "private_outbound_all",
      "provider": "provider[\"registry.terraform.io/hashicorp/aws\"]",
      "instances": [
        {
          "schema_version": 0,
          "attributes": {
            "cidr_block": "0.0.0.0/0",
            "egress": true,
            "from_port": null,
            "icmp_code": null,
            "icmp_type": null,
            "id": "nacl-4173933015",
            "ipv6_cidr_block": "",
            "network_acl_id": "acl-0eb66e23f28149779",
            "protocol": "-1",
            "rule_action": "allow",
            "rule_number": 120,
            "to_port": null
          },
          "sensitive_attributes": [],
          "private": "bnVsbA==",
          "dependencies": [
            "module.vpc.aws_network_acl.private",
            "module.vpc.aws_vpc.main"
          ]
        }
      ]
    },
    {
      "module": "module.vpc",
      "mode": "managed",
      "type": "aws_network_acl_rule",
      "name": "public_inbound_ephemeral",
      "provider": "provider[\"registry.terraform.io/hashicorp/aws\"]",
      "instances": [
        {
          "schema_version": 0,
          "attributes": {
            "cidr_block": "0.0.0.0/0",
            "egress": false,
            "from_port": 1024,
            "icmp_code": null,
            "icmp_type": null,
            "id": "nacl-1762947965",
            "ipv6_cidr_block": "",
            "network_acl_id": "acl-02f62cc3d98afab7e",
            "protocol": "6",
            "rule_action": "allow",
            "rule_number": 108,
            "to_port": 65535
          },
          "sensitive_attributes": [],
          "private": "bnVsbA==",
          "dependencies": [
            "module.vpc.aws_network_acl.public",
            "module.vpc.aws_vpc.main"
          ]
        }
      ]
    },
    {
      "module": "module.vpc",
      "mode": "managed",
      "type": "aws_network_acl_rule",
      "name": "public_inbound_http",
      "provider": "provider[\"registry.terraform.io/hashicorp/aws\"]",
      "instances": [
        {
          "schema_version": 0,
          "attributes": {
            "cidr_block": "0.0.0.0/0",
            "egress": false,
            "from_port": 80,
            "icmp_code": null,
            "icmp_type": null,
            "id": "nacl-1863845251",
            "ipv6_cidr_block": "",
            "network_acl_id": "acl-02f62cc3d98afab7e",
            "protocol": "6",
            "rule_action": "allow",
            "rule_number": 100,
            "to_port": 80
          },
          "sensitive_attributes": [],
          "private": "bnVsbA==",
          "dependencies": [
            "module.vpc.aws_network_acl.public",
            "module.vpc.aws_vpc.main"
          ]
        }
      ]
    },
    {
      "module": "module.vpc",
      "mode": "managed",
      "type": "aws_network_acl_rule",
      "name": "public_inbound_https",
      "provider": "provider[\"registry.terraform.io/hashicorp/aws\"]",
      "instances": [
        {
          "schema_version": 0,
          "attributes": {
            "cidr_block": "0.0.0.0/0",
            "egress": false,
            "from_port": 443,
            "icmp_code": null,
            "icmp_type": null,
            "id": "nacl-2995706886",
            "ipv6_cidr_block": "",
            "network_acl_id": "acl-02f62cc3d98afab7e",
            "protocol": "6",
            "rule_action": "allow",
            "rule_number": 110,
            "to_port": 443
          },
          "sensitive_attributes": [],
          "private": "bnVsbA==",
          "dependencies": [
            "module.vpc.aws_network_acl.public",
            "module.vpc.aws_vpc.main"
          ]
        }
      ]
    },
    {
      "module": "module.vpc",
      "mode": "managed",
      "type": "aws_network_acl_rule",
      "name": "public_inbound_ssh",
      "provider": "provider[\"registry.terraform.io/hashicorp/aws\"]",
      "instances": [
        {
          "schema_version": 0,
          "attributes": {
            "cidr_block": "0.0.0.0/0",
            "egress": false,
            "from_port": 22,
            "icmp_code": null,
            "icmp_type": null,
            "id": "nacl-4156256915",
            "ipv6_cidr_block": "",
            "network_acl_id": "acl-02f62cc3d98afab7e",
            "protocol": "6",
            "rule_action": "allow",
            "rule_number": 105,
            "to_port": 22
          },
          "sensitive_attributes": [],
          "private": "bnVsbA==",
          "dependencies": [
            "module.vpc.aws_network_acl.public",
            "module.vpc.aws_vpc.main"
          ]
        }
      ]
    },
    {
      "module": "module.vpc",
      "mode": "managed",
      "type": "aws_network_acl_rule",
      "name": "public_outbound_all",
      "provider": "provider[\"registry.terraform.io/hashicorp/aws\"]",
      "instances": [
        {
          "schema_version": 0,
          "attributes": {
            "cidr_block": "0.0.0.0/0",
            "egress": true,
            "from_port": null,
            "icmp_code": null,
            "icmp_type": null,
            "id": "nacl-3374928642",
            "ipv6_cidr_block": "",
            "network_acl_id": "acl-02f62cc3d98afab7e",
            "protocol": "-1",
            "rule_action": "allow",
            "rule_number": 120,
            "to_port": null
          },
          "sensitive_attributes": [],
          "private": "bnVsbA==",
          "dependencies": [
            "module.vpc.aws_network_acl.public",
            "module.vpc.aws_vpc.main"
          ]
        }
      ]
    },
    {
      "module": "module.vpc",
      "mode": "managed",
      "type": "aws_route",
      "name": "internet",
      "provider": "provider[\"registry.terraform.io/hashicorp/aws\"]",
      "instances": [
        {
          "schema_version": 0,
          "attributes": {
            "carrier_gateway_id": "",
            "core_network_arn": "",
            "destination_cidr_block": "0.0.0.0/0",
            "destination_ipv6_cidr_block": "",
            "destination_prefix_list_id": "",
            "egress_only_gateway_id": "",
            "gateway_id": "igw-0b303bfb0ec57e838",
            "id": "r-rtb-0be33bc59e1997cb91080289494",
            "instance_id": "",
            "instance_owner_id": "",
            "local_gateway_id": "",
            "nat_gateway_id": "",
            "network_interface_id": "",
            "origin": "CreateRoute",
            "route_table_id": "rtb-0be33bc59e1997cb9",
            "state": "active",
            "timeouts": null,
            "transit_gateway_id": "",
            "vpc_endpoint_id": "",
            "vpc_peering_connection_id": ""
          },
          "sensitive_attributes": [],
          "private": "eyJlMmJmYjczMC1lY2FhLTExZTYtOGY4OC0zNDM2M2JjN2M0YzAiOnsiY3JlYXRlIjozMDAwMDAwMDAwMDAsImRlbGV0ZSI6MzAwMDAwMDAwMDAwLCJ1cGRhdGUiOjEyMDAwMDAwMDAwMH19",
          "dependencies": [
            "module.vpc.aws_internet_gateway.igw",
            "module.vpc.aws_route_table.public",
            "module.vpc.aws_vpc.main"
          ]
        }
      ]
    },
    {
      "module": "module.vpc",
      "mode": "managed",
      "type": "aws_route",
      "name": "private",
      "provider": "provider[\"registry.terraform.io/hashicorp/aws\"]",
      "instances": [
        {
          "index_key": 0,
          "schema_version": 0,
          "attributes": {
            "carrier_gateway_id": "",
            "core_network_arn": "",
            "destination_cidr_block": "0.0.0.0/0",
            "destination_ipv6_cidr_block": "",
            "destination_prefix_list_id": "",
            "egress_only_gateway_id": "",
            "gateway_id": "",
            "id": "r-rtb-0c3a435414b8757c61080289494",
            "instance_id": "",
            "instance_owner_id": "",
            "local_gateway_id": "",
            "nat_gateway_id": "nat-0a090e3b39d3267e3",
            "network_interface_id": "",
            "origin": "CreateRoute",
            "route_table_id": "rtb-0c3a435414b8757c6",
            "state": "active",
            "timeouts": null,
            "transit_gateway_id": "",
            "vpc_endpoint_id": "",
            "vpc_peering_connection_id": ""
          },
          "sensitive_attributes": [],
          "private": "eyJlMmJmYjczMC1lY2FhLTExZTYtOGY4OC0zNDM2M2JjN2M0YzAiOnsiY3JlYXRlIjozMDAwMDAwMDAwMDAsImRlbGV0ZSI6MzAwMDAwMDAwMDAwLCJ1cGRhdGUiOjEyMDAwMDAwMDAwMH19",
          "dependencies": [
            "module.vpc.aws_eip.nat",
            "module.vpc.aws_nat_gateway.nat",
            "module.vpc.aws_route_table.private",
            "module.vpc.aws_subnet.public",
            "module.vpc.aws_vpc.main",
            "module.vpc.data.aws_availability_zones.available"
          ]
        },
        {
          "index_key": 1,
          "schema_version": 0,
          "attributes": {
            "carrier_gateway_id": "",
            "core_network_arn": "",
            "destination_cidr_block": "0.0.0.0/0",
            "destination_ipv6_cidr_block": "",
            "destination_prefix_list_id": "",
            "egress_only_gateway_id": "",
            "gateway_id": "",
            "id": "r-rtb-0335ecc9187b77c841080289494",
            "instance_id": "",
            "instance_owner_id": "",
            "local_gateway_id": "",
            "nat_gateway_id": "nat-0c154e5fb15331cf7",
            "network_interface_id": "",
            "origin": "CreateRoute",
            "route_table_id": "rtb-0335ecc9187b77c84",
            "state": "active",
            "timeouts": null,
            "transit_gateway_id": "",
            "vpc_endpoint_id": "",
            "vpc_peering_connection_id": ""
          },
          "sensitive_attributes": [],
          "private": "eyJlMmJmYjczMC1lY2FhLTExZTYtOGY4OC0zNDM2M2JjN2M0YzAiOnsiY3JlYXRlIjozMDAwMDAwMDAwMDAsImRlbGV0ZSI6MzAwMDAwMDAwMDAwLCJ1cGRhdGUiOjEyMDAwMDAwMDAwMH19",
          "dependencies": [
            "module.vpc.aws_eip.nat",
            "module.vpc.aws_nat_gateway.nat",
            "module.vpc.aws_route_table.private",
            "module.vpc.aws_subnet.public",
            "module.vpc.aws_vpc.main",
            "module.vpc.data.aws_availability_zones.available"
          ]
        }
      ]
    },
    {
      "module": "module.vpc",
      "mode": "managed",
      "type": "aws_route_table",
      "name": "private",
      "provider": "provider[\"registry.terraform.io/hashicorp/aws\"]",
      "instances": [
        {
          "index_key": 0,
          "schema_version": 0,
          "attributes": {
            "arn": "arn:aws:ec2:eu-north-1:940482437723:route-table/rtb-0c3a435414b8757c6",
            "id": "rtb-0c3a435414b8757c6",
            "owner_id": "940482437723",
            "propagating_vgws": [],
            "route": [],
            "tags": {
              "Name": "Private-Route-Table-1"
            },
            "tags_all": {
              "Name": "Private-Route-Table-1"
            },
            "timeouts": null,
            "vpc_id": "vpc-0b05f673c9497c810"
          },
          "sensitive_attributes": [],
          "private": "eyJlMmJmYjczMC1lY2FhLTExZTYtOGY4OC0zNDM2M2JjN2M0YzAiOnsiY3JlYXRlIjozMDAwMDAwMDAwMDAsImRlbGV0ZSI6MzAwMDAwMDAwMDAwLCJ1cGRhdGUiOjEyMDAwMDAwMDAwMH19",
          "dependencies": [
            "module.vpc.aws_vpc.main"
          ]
        },
        {
          "index_key": 1,
          "schema_version": 0,
          "attributes": {
            "arn": "arn:aws:ec2:eu-north-1:940482437723:route-table/rtb-0335ecc9187b77c84",
            "id": "rtb-0335ecc9187b77c84",
            "owner_id": "940482437723",
            "propagating_vgws": [],
            "route": [],
            "tags": {
              "Name": "Private-Route-Table-2"
            },
            "tags_all": {
              "Name": "Private-Route-Table-2"
            },
            "timeouts": null,
            "vpc_id": "vpc-0b05f673c9497c810"
          },
          "sensitive_attributes": [],
          "private": "eyJlMmJmYjczMC1lY2FhLTExZTYtOGY4OC0zNDM2M2JjN2M0YzAiOnsiY3JlYXRlIjozMDAwMDAwMDAwMDAsImRlbGV0ZSI6MzAwMDAwMDAwMDAwLCJ1cGRhdGUiOjEyMDAwMDAwMDAwMH19",
          "dependencies": [
            "module.vpc.aws_vpc.main"
          ]
        }
      ]
    },
    {
      "module": "module.vpc",
      "mode": "managed",
      "type": "aws_route_table",
      "name": "public",
      "provider": "provider[\"registry.terraform.io/hashicorp/aws\"]",
      "instances": [
        {
          "schema_version": 0,
          "attributes": {
            "arn": "arn:aws:ec2:eu-north-1:940482437723:route-table/rtb-0be33bc59e1997cb9",
            "id": "rtb-0be33bc59e1997cb9",
            "owner_id": "940482437723",
            "propagating_vgws": [],
            "route": [],
            "tags": {
              "Name": "Public-Route-Table"
            },
            "tags_all": {
              "Name": "Public-Route-Table"
            },
            "timeouts": null,
            "vpc_id": "vpc-0b05f673c9497c810"
          },
          "sensitive_attributes": [],
          "private": "eyJlMmJmYjczMC1lY2FhLTExZTYtOGY4OC0zNDM2M2JjN2M0YzAiOnsiY3JlYXRlIjozMDAwMDAwMDAwMDAsImRlbGV0ZSI6MzAwMDAwMDAwMDAwLCJ1cGRhdGUiOjEyMDAwMDAwMDAwMH19",
          "dependencies": [
            "module.vpc.aws_vpc.main"
          ]
        }
      ]
    },
    {
      "module": "module.vpc",
      "mode": "managed",
      "type": "aws_route_table_association",
      "name": "private",
      "provider": "provider[\"registry.terraform.io/hashicorp/aws\"]",
      "instances": [
        {
          "index_key": 0,
          "schema_version": 0,
          "attributes": {
            "gateway_id": "",
            "id": "rtbassoc-037ee1be04b15c794",
            "route_table_id": "rtb-0c3a435414b8757c6",
            "subnet_id": "subnet-0c890f7eadf540bc9",
            "timeouts": null
          },
          "sensitive_attributes": [],
          "private": "eyJlMmJmYjczMC1lY2FhLTExZTYtOGY4OC0zNDM2M2JjN2M0YzAiOnsiY3JlYXRlIjozMDAwMDAwMDAwMDAsImRlbGV0ZSI6MzAwMDAwMDAwMDAwLCJ1cGRhdGUiOjEyMDAwMDAwMDAwMH19",
          "dependencies": [
            "module.vpc.aws_route_table.private",
            "module.vpc.aws_subnet.private",
            "module.vpc.aws_vpc.main",
            "module.vpc.data.aws_availability_zones.available"
          ]
        },
        {
          "index_key": 1,
          "schema_version": 0,
          "attributes": {
            "gateway_id": "",
            "id": "rtbassoc-02d08ddac004170c0",
            "route_table_id": "rtb-0335ecc9187b77c84",
            "subnet_id": "subnet-043b84e7d841ff860",
            "timeouts": null
          },
          "sensitive_attributes": [],
          "private": "eyJlMmJmYjczMC1lY2FhLTExZTYtOGY4OC0zNDM2M2JjN2M0YzAiOnsiY3JlYXRlIjozMDAwMDAwMDAwMDAsImRlbGV0ZSI6MzAwMDAwMDAwMDAwLCJ1cGRhdGUiOjEyMDAwMDAwMDAwMH19",
          "dependencies": [
            "module.vpc.aws_route_table.private",
            "module.vpc.aws_subnet.private",
            "module.vpc.aws_vpc.main",
            "module.vpc.data.aws_availability_zones.available"
          ]
        },
        {
          "index_key": 2,
          "schema_version": 0,
          "attributes": {
            "gateway_id": "",
            "id": "rtbassoc-0ece5d00e09e6261b",
            "route_table_id": "rtb-0c3a435414b8757c6",
            "subnet_id": "subnet-01844d1632b31c1eb",
            "timeouts": null
          },
          "sensitive_attributes": [],
          "private": "eyJlMmJmYjczMC1lY2FhLTExZTYtOGY4OC0zNDM2M2JjN2M0YzAiOnsiY3JlYXRlIjozMDAwMDAwMDAwMDAsImRlbGV0ZSI6MzAwMDAwMDAwMDAwLCJ1cGRhdGUiOjEyMDAwMDAwMDAwMH19",
          "dependencies": [
            "module.vpc.aws_route_table.private",
            "module.vpc.aws_subnet.private",
            "module.vpc.aws_vpc.main",
            "module.vpc.data.aws_availability_zones.available"
          ]
        },
        {
          "index_key": 3,
          "schema_version": 0,
          "attributes": {
            "gateway_id": "",
            "id": "rtbassoc-063272b14107ffff9",
            "route_table_id": "rtb-0335ecc9187b77c84",
            "subnet_id": "subnet-031408f3c4a33d228",
            "timeouts": null
          },
          "sensitive_attributes": [],
          "private": "eyJlMmJmYjczMC1lY2FhLTExZTYtOGY4OC0zNDM2M2JjN2M0YzAiOnsiY3JlYXRlIjozMDAwMDAwMDAwMDAsImRlbGV0ZSI6MzAwMDAwMDAwMDAwLCJ1cGRhdGUiOjEyMDAwMDAwMDAwMH19",
          "dependencies": [
            "module.vpc.aws_route_table.private",
            "module.vpc.aws_subnet.private",
            "module.vpc.aws_vpc.main",
            "module.vpc.data.aws_availability_zones.available"
          ]
        }
      ]
    },
    {
      "module": "module.vpc",
      "mode": "managed",
      "type": "aws_route_table_association",
      "name": "public",
      "provider": "provider[\"registry.terraform.io/hashicorp/aws\"]",
      "instances": [
        {
          "index_key": 0,
          "schema_version": 0,
          "attributes": {
            "gateway_id": "",
            "id": "rtbassoc-08104b46f46cfae0c",
            "route_table_id": "rtb-0be33bc59e1997cb9",
            "subnet_id": "subnet-0bc45cce9bc6ef64b",
            "timeouts": null
          },
          "sensitive_attributes": [],
          "private": "eyJlMmJmYjczMC1lY2FhLTExZTYtOGY4OC0zNDM2M2JjN2M0YzAiOnsiY3JlYXRlIjozMDAwMDAwMDAwMDAsImRlbGV0ZSI6MzAwMDAwMDAwMDAwLCJ1cGRhdGUiOjEyMDAwMDAwMDAwMH19",
          "dependencies": [
            "module.vpc.aws_route_table.public",
            "module.vpc.aws_subnet.public",
            "module.vpc.aws_vpc.main",
            "module.vpc.data.aws_availability_zones.available"
          ]
        },
        {
          "index_key": 1,
          "schema_version": 0,
          "attributes": {
            "gateway_id": "",
            "id": "rtbassoc-06acf00f2b81a9574",
            "route_table_id": "rtb-0be33bc59e1997cb9",
            "subnet_id": "subnet-0068f0ce1845adc38",
            "timeouts": null
          },
          "sensitive_attributes": [],
          "private": "eyJlMmJmYjczMC1lY2FhLTExZTYtOGY4OC0zNDM2M2JjN2M0YzAiOnsiY3JlYXRlIjozMDAwMDAwMDAwMDAsImRlbGV0ZSI6MzAwMDAwMDAwMDAwLCJ1cGRhdGUiOjEyMDAwMDAwMDAwMH19",
          "dependencies": [
            "module.vpc.aws_route_table.public",
            "module.vpc.aws_subnet.public",
            "module.vpc.aws_vpc.main",
            "module.vpc.data.aws_availability_zones.available"
          ]
        }
      ]
    },
    {
      "module": "module.vpc",
      "mode": "managed",
      "type": "aws_security_group",
      "name": "private",
      "provider": "provider[\"registry.terraform.io/hashicorp/aws\"]",
      "instances": [
        {
          "schema_version": 1,
          "attributes": {
            "arn": "arn:aws:ec2:eu-north-1:940482437723:security-group/sg-048717c859d7e8b3d",
            "description": "Managed by Terraform",
            "egress": [
              {
                "cidr_blocks": [
                  "0.0.0.0/0"
                ],
                "description": "Allow all outbound traffic",
                "from_port": 0,
                "ipv6_cidr_blocks": [],
                "prefix_list_ids": [],
                "protocol": "-1",
                "security_groups": [],
                "self": false,
                "to_port": 0
              }
            ],
            "id": "sg-048717c859d7e8b3d",
            "ingress": [
              {
                "cidr_blocks": [
                  "145.255.0.0/20"
                ],
                "description": "Allow EFS traffic",
                "from_port": 2049,
                "ipv6_cidr_blocks": [],
                "prefix_list_ids": [],
                "protocol": "tcp",
                "security_groups": [],
                "self": false,
                "to_port": 2049
              },
              {
                "cidr_blocks": [
                  "145.255.0.0/20"
                ],
                "description": "Allow database traffic",
                "from_port": 3306,
                "ipv6_cidr_blocks": [],
                "prefix_list_ids": [],
                "protocol": "tcp",
                "security_groups": [],
                "self": false,
                "to_port": 3306
              },
              {
                "cidr_blocks": [
                  "145.255.0.0/20"
                ],
                "description": "Allow ssh traffic",
                "from_port": 22,
                "ipv6_cidr_blocks": [],
                "prefix_list_ids": [],
                "protocol": "tcp",
                "security_groups": [],
                "self": false,
                "to_port": 22
              },
              {
                "cidr_blocks": [],
                "description": "Allow HTTP traffic from Load Balancer",
                "from_port": 80,
                "ipv6_cidr_blocks": [],
                "prefix_list_ids": [],
                "protocol": "tcp",
                "security_groups": [
                  "sg-06969315671e8e8fe"
                ],
                "self": false,
                "to_port": 80
              }
            ],
            "name": "terraform-20250106145234238000000008",
            "name_prefix": "terraform-",
            "owner_id": "940482437723",
            "revoke_rules_on_delete": false,
            "tags": {
              "Name": "Private-SG"
            },
            "tags_all": {
              "Name": "Private-SG"
            },
            "timeouts": null,
            "vpc_id": "vpc-0b05f673c9497c810"
          },
          "sensitive_attributes": [],
          "private": "eyJlMmJmYjczMC1lY2FhLTExZTYtOGY4OC0zNDM2M2JjN2M0YzAiOnsiY3JlYXRlIjo2MDAwMDAwMDAwMDAsImRlbGV0ZSI6OTAwMDAwMDAwMDAwfSwic2NoZW1hX3ZlcnNpb24iOiIxIn0=",
          "dependencies": [
            "module.vpc.aws_security_group.public",
            "module.vpc.aws_vpc.main"
          ]
        }
      ]
    },
    {
      "module": "module.vpc",
      "mode": "managed",
      "type": "aws_security_group",
      "name": "public",
      "provider": "provider[\"registry.terraform.io/hashicorp/aws\"]",
      "instances": [
        {
          "schema_version": 1,
          "attributes": {
            "arn": "arn:aws:ec2:eu-north-1:940482437723:security-group/sg-06969315671e8e8fe",
            "description": "Managed by Terraform",
            "egress": [
              {
                "cidr_blocks": [
                  "0.0.0.0/0"
                ],
                "description": "Allow all outbound traffic",
                "from_port": 0,
                "ipv6_cidr_blocks": [],
                "prefix_list_ids": [],
                "protocol": "-1",
                "security_groups": [],
                "self": false,
                "to_port": 0
              }
            ],
            "id": "sg-06969315671e8e8fe",
            "ingress": [
              {
                "cidr_blocks": [
                  "0.0.0.0/0"
                ],
                "description": "Allow HTTP traffic",
                "from_port": 80,
                "ipv6_cidr_blocks": [],
                "prefix_list_ids": [],
                "protocol": "tcp",
                "security_groups": [],
                "self": false,
                "to_port": 80
              },
              {
                "cidr_blocks": [
                  "0.0.0.0/0"
                ],
                "description": "Allow HTTPS traffic",
                "from_port": 443,
                "ipv6_cidr_blocks": [],
                "prefix_list_ids": [],
                "protocol": "tcp",
                "security_groups": [],
                "self": false,
                "to_port": 443
              },
              {
                "cidr_blocks": [
                  "0.0.0.0/0"
                ],
                "description": "Allow SSH traffic for management",
                "from_port": 22,
                "ipv6_cidr_blocks": [],
                "prefix_list_ids": [],
                "protocol": "tcp",
                "security_groups": [],
                "self": false,
                "to_port": 22
              }
            ],
            "name": "terraform-20250106145228627000000006",
            "name_prefix": "terraform-",
            "owner_id": "940482437723",
            "revoke_rules_on_delete": false,
            "tags": {
              "Name": "Public-SG"
            },
            "tags_all": {
              "Name": "Public-SG"
            },
            "timeouts": null,
            "vpc_id": "vpc-0b05f673c9497c810"
          },
          "sensitive_attributes": [],
          "private": "eyJlMmJmYjczMC1lY2FhLTExZTYtOGY4OC0zNDM2M2JjN2M0YzAiOnsiY3JlYXRlIjo2MDAwMDAwMDAwMDAsImRlbGV0ZSI6OTAwMDAwMDAwMDAwfSwic2NoZW1hX3ZlcnNpb24iOiIxIn0=",
          "dependencies": [
            "module.vpc.aws_vpc.main"
          ]
        }
      ]
    },
    {
      "module": "module.vpc",
      "mode": "managed",
      "type": "aws_subnet",
      "name": "private",
      "provider": "provider[\"registry.terraform.io/hashicorp/aws\"]",
      "instances": [
        {
          "index_key": 0,
          "schema_version": 1,
          "attributes": {
            "arn": "arn:aws:ec2:eu-north-1:940482437723:subnet/subnet-0c890f7eadf540bc9",
            "assign_ipv6_address_on_creation": false,
            "availability_zone": "eu-north-1a",
            "availability_zone_id": "eun1-az1",
            "cidr_block": "145.255.0.64/27",
            "customer_owned_ipv4_pool": "",
            "enable_dns64": false,
            "enable_lni_at_device_index": 0,
            "enable_resource_name_dns_a_record_on_launch": false,
            "enable_resource_name_dns_aaaa_record_on_launch": false,
            "id": "subnet-0c890f7eadf540bc9",
            "ipv6_cidr_block": "",
            "ipv6_cidr_block_association_id": "",
            "ipv6_native": false,
            "map_customer_owned_ip_on_launch": false,
            "map_public_ip_on_launch": false,
            "outpost_arn": "",
            "owner_id": "940482437723",
            "private_dns_hostname_type_on_launch": "ip-name",
            "tags": {
              "Name": "Private-Subnet-1"
            },
            "tags_all": {
              "Name": "Private-Subnet-1"
            },
            "timeouts": null,
            "vpc_id": "vpc-0b05f673c9497c810"
          },
          "sensitive_attributes": [],
          "private": "eyJlMmJmYjczMC1lY2FhLTExZTYtOGY4OC0zNDM2M2JjN2M0YzAiOnsiY3JlYXRlIjo2MDAwMDAwMDAwMDAsImRlbGV0ZSI6MTIwMDAwMDAwMDAwMH0sInNjaGVtYV92ZXJzaW9uIjoiMSJ9",
          "dependencies": [
            "module.vpc.aws_vpc.main",
            "module.vpc.data.aws_availability_zones.available"
          ]
        },
        {
          "index_key": 1,
          "schema_version": 1,
          "attributes": {
            "arn": "arn:aws:ec2:eu-north-1:940482437723:subnet/subnet-043b84e7d841ff860",
            "assign_ipv6_address_on_creation": false,
            "availability_zone": "eu-north-1b",
            "availability_zone_id": "eun1-az2",
            "cidr_block": "145.255.0.96/27",
            "customer_owned_ipv4_pool": "",
            "enable_dns64": false,
            "enable_lni_at_device_index": 0,
            "enable_resource_name_dns_a_record_on_launch": false,
            "enable_resource_name_dns_aaaa_record_on_launch": false,
            "id": "subnet-043b84e7d841ff860",
            "ipv6_cidr_block": "",
            "ipv6_cidr_block_association_id": "",
            "ipv6_native": false,
            "map_customer_owned_ip_on_launch": false,
            "map_public_ip_on_launch": false,
            "outpost_arn": "",
            "owner_id": "940482437723",
            "private_dns_hostname_type_on_launch": "ip-name",
            "tags": {
              "Name": "Private-Subnet-2"
            },
            "tags_all": {
              "Name": "Private-Subnet-2"
            },
            "timeouts": null,
            "vpc_id": "vpc-0b05f673c9497c810"
          },
          "sensitive_attributes": [],
          "private": "eyJlMmJmYjczMC1lY2FhLTExZTYtOGY4OC0zNDM2M2JjN2M0YzAiOnsiY3JlYXRlIjo2MDAwMDAwMDAwMDAsImRlbGV0ZSI6MTIwMDAwMDAwMDAwMH0sInNjaGVtYV92ZXJzaW9uIjoiMSJ9",
          "dependencies": [
            "module.vpc.aws_vpc.main",
            "module.vpc.data.aws_availability_zones.available"
          ]
        },
        {
          "index_key": 2,
          "schema_version": 1,
          "attributes": {
            "arn": "arn:aws:ec2:eu-north-1:940482437723:subnet/subnet-01844d1632b31c1eb",
            "assign_ipv6_address_on_creation": false,
            "availability_zone": "eu-north-1c",
            "availability_zone_id": "eun1-az3",
            "cidr_block": "145.255.0.128/27",
            "customer_owned_ipv4_pool": "",
            "enable_dns64": false,
            "enable_lni_at_device_index": 0,
            "enable_resource_name_dns_a_record_on_launch": false,
            "enable_resource_name_dns_aaaa_record_on_launch": false,
            "id": "subnet-01844d1632b31c1eb",
            "ipv6_cidr_block": "",
            "ipv6_cidr_block_association_id": "",
            "ipv6_native": false,
            "map_customer_owned_ip_on_launch": false,
            "map_public_ip_on_launch": false,
            "outpost_arn": "",
            "owner_id": "940482437723",
            "private_dns_hostname_type_on_launch": "ip-name",
            "tags": {
              "Name": "Private-Subnet-3"
            },
            "tags_all": {
              "Name": "Private-Subnet-3"
            },
            "timeouts": null,
            "vpc_id": "vpc-0b05f673c9497c810"
          },
          "sensitive_attributes": [],
          "private": "eyJlMmJmYjczMC1lY2FhLTExZTYtOGY4OC0zNDM2M2JjN2M0YzAiOnsiY3JlYXRlIjo2MDAwMDAwMDAwMDAsImRlbGV0ZSI6MTIwMDAwMDAwMDAwMH0sInNjaGVtYV92ZXJzaW9uIjoiMSJ9",
          "dependencies": [
            "module.vpc.aws_vpc.main",
            "module.vpc.data.aws_availability_zones.available"
          ]
        },
        {
          "index_key": 3,
          "schema_version": 1,
          "attributes": {
            "arn": "arn:aws:ec2:eu-north-1:940482437723:subnet/subnet-031408f3c4a33d228",
            "assign_ipv6_address_on_creation": false,
            "availability_zone": "eu-north-1a",
            "availability_zone_id": "eun1-az1",
            "cidr_block": "145.255.0.160/27",
            "customer_owned_ipv4_pool": "",
            "enable_dns64": false,
            "enable_lni_at_device_index": 0,
            "enable_resource_name_dns_a_record_on_launch": false,
            "enable_resource_name_dns_aaaa_record_on_launch": false,
            "id": "subnet-031408f3c4a33d228",
            "ipv6_cidr_block": "",
            "ipv6_cidr_block_association_id": "",
            "ipv6_native": false,
            "map_customer_owned_ip_on_launch": false,
            "map_public_ip_on_launch": false,
            "outpost_arn": "",
            "owner_id": "940482437723",
            "private_dns_hostname_type_on_launch": "ip-name",
            "tags": {
              "Name": "Private-Subnet-4"
            },
            "tags_all": {
              "Name": "Private-Subnet-4"
            },
            "timeouts": null,
            "vpc_id": "vpc-0b05f673c9497c810"
          },
          "sensitive_attributes": [],
          "private": "eyJlMmJmYjczMC1lY2FhLTExZTYtOGY4OC0zNDM2M2JjN2M0YzAiOnsiY3JlYXRlIjo2MDAwMDAwMDAwMDAsImRlbGV0ZSI6MTIwMDAwMDAwMDAwMH0sInNjaGVtYV92ZXJzaW9uIjoiMSJ9",
          "dependencies": [
            "module.vpc.aws_vpc.main",
            "module.vpc.data.aws_availability_zones.available"
          ]
        }
      ]
    },
    {
      "module": "module.vpc",
      "mode": "managed",
      "type": "aws_subnet",
      "name": "public",
      "provider": "provider[\"registry.terraform.io/hashicorp/aws\"]",
      "instances": [
        {
          "index_key": 0,
          "schema_version": 1,
          "attributes": {
            "arn": "arn:aws:ec2:eu-north-1:940482437723:subnet/subnet-0bc45cce9bc6ef64b",
            "assign_ipv6_address_on_creation": false,
            "availability_zone": "eu-north-1a",
            "availability_zone_id": "eun1-az1",
            "cidr_block": "145.255.0.0/27",
            "customer_owned_ipv4_pool": "",
            "enable_dns64": false,
            "enable_lni_at_device_index": 0,
            "enable_resource_name_dns_a_record_on_launch": false,
            "enable_resource_name_dns_aaaa_record_on_launch": false,
            "id": "subnet-0bc45cce9bc6ef64b",
            "ipv6_cidr_block": "",
            "ipv6_cidr_block_association_id": "",
            "ipv6_native": false,
            "map_customer_owned_ip_on_launch": false,
            "map_public_ip_on_launch": true,
            "outpost_arn": "",
            "owner_id": "940482437723",
            "private_dns_hostname_type_on_launch": "ip-name",
            "tags": {
              "Name": "Public-Subnet-1"
            },
            "tags_all": {
              "Name": "Public-Subnet-1"
            },
            "timeouts": null,
            "vpc_id": "vpc-0b05f673c9497c810"
          },
          "sensitive_attributes": [],
          "private": "eyJlMmJmYjczMC1lY2FhLTExZTYtOGY4OC0zNDM2M2JjN2M0YzAiOnsiY3JlYXRlIjo2MDAwMDAwMDAwMDAsImRlbGV0ZSI6MTIwMDAwMDAwMDAwMH0sInNjaGVtYV92ZXJzaW9uIjoiMSJ9",
          "dependencies": [
            "module.vpc.aws_vpc.main",
            "module.vpc.data.aws_availability_zones.available"
          ]
        },
        {
          "index_key": 1,
          "schema_version": 1,
          "attributes": {
            "arn": "arn:aws:ec2:eu-north-1:940482437723:subnet/subnet-0068f0ce1845adc38",
            "assign_ipv6_address_on_creation": false,
            "availability_zone": "eu-north-1b",
            "availability_zone_id": "eun1-az2",
            "cidr_block": "145.255.0.32/27",
            "customer_owned_ipv4_pool": "",
            "enable_dns64": false,
            "enable_lni_at_device_index": 0,
            "enable_resource_name_dns_a_record_on_launch": false,
            "enable_resource_name_dns_aaaa_record_on_launch": false,
            "id": "subnet-0068f0ce1845adc38",
            "ipv6_cidr_block": "",
            "ipv6_cidr_block_association_id": "",
            "ipv6_native": false,
            "map_customer_owned_ip_on_launch": false,
            "map_public_ip_on_launch": true,
            "outpost_arn": "",
            "owner_id": "940482437723",
            "private_dns_hostname_type_on_launch": "ip-name",
            "tags": {
              "Name": "Public-Subnet-2"
            },
            "tags_all": {
              "Name": "Public-Subnet-2"
            },
            "timeouts": null,
            "vpc_id": "vpc-0b05f673c9497c810"
          },
          "sensitive_attributes": [],
          "private": "eyJlMmJmYjczMC1lY2FhLTExZTYtOGY4OC0zNDM2M2JjN2M0YzAiOnsiY3JlYXRlIjo2MDAwMDAwMDAwMDAsImRlbGV0ZSI6MTIwMDAwMDAwMDAwMH0sInNjaGVtYV92ZXJzaW9uIjoiMSJ9",
          "dependencies": [
            "module.vpc.aws_vpc.main",
            "module.vpc.data.aws_availability_zones.available"
          ]
        }
      ]
    },
    {
      "module": "module.vpc",
      "mode": "managed",
      "type": "aws_vpc",
      "name": "main",
      "provider": "provider[\"registry.terraform.io/hashicorp/aws\"]",
      "instances": [
        {
          "schema_version": 1,
          "attributes": {
            "arn": "arn:aws:ec2:eu-north-1:940482437723:vpc/vpc-0b05f673c9497c810",
            "assign_generated_ipv6_cidr_block": false,
            "cidr_block": "145.255.0.0/20",
            "default_network_acl_id": "acl-02888f23ae8c593ab",
            "default_route_table_id": "rtb-0036c46c725c0321a",
            "default_security_group_id": "sg-03e29aabb0cd9b9ec",
            "dhcp_options_id": "dopt-0ad576ae93dcbdf1a",
            "enable_dns_hostnames": true,
            "enable_dns_support": true,
            "enable_network_address_usage_metrics": false,
            "id": "vpc-0b05f673c9497c810",
            "instance_tenancy": "default",
            "ipv4_ipam_pool_id": null,
            "ipv4_netmask_length": null,
            "ipv6_association_id": "",
            "ipv6_cidr_block": "",
            "ipv6_cidr_block_network_border_group": "",
            "ipv6_ipam_pool_id": "",
            "ipv6_netmask_length": 0,
            "main_route_table_id": "rtb-0036c46c725c0321a",
            "owner_id": "940482437723",
            "tags": {
              "Name": "wordpress-vpc"
            },
            "tags_all": {
              "Name": "wordpress-vpc"
            }
          },
          "sensitive_attributes": [],
          "private": "eyJzY2hlbWFfdmVyc2lvbiI6IjEifQ=="
        }
      ]
    }
  ],
  "check_results": null
}
